// !$*UTF8*$!
{
	archiveVersion = 1;
	classes = {
	};
	objectVersion = 56;
	objects = {

/* Begin PBXBuildFile section */
		77F07C1549F1CD5A96911BB4 /* libPods-ChatApp.a in Frameworks */ = {isa = PBXBuildFile; fileRef = C820408ADE813852875847B8 /* libPods-ChatApp.a */; };
		B121599A2B029B660007E965 /* AppDelegate.swift in Sources */ = {isa = PBXBuildFile; fileRef = B12159992B029B660007E965 /* AppDelegate.swift */; };
		B121599C2B02B88B0007E965 /* LoggedInView.swift in Sources */ = {isa = PBXBuildFile; fileRef = B121599B2B02B88B0007E965 /* LoggedInView.swift */; };
		B18C06C22B06D13F00D39437 /* FirebaseAnalytics in Frameworks */ = {isa = PBXBuildFile; productRef = B18C06C12B06D13F00D39437 /* FirebaseAnalytics */; };
		B18C06C42B06D13F00D39437 /* FirebaseAnalyticsOnDeviceConversion in Frameworks */ = {isa = PBXBuildFile; productRef = B18C06C32B06D13F00D39437 /* FirebaseAnalyticsOnDeviceConversion */; };
		B18C06C62B06D13F00D39437 /* FirebaseAnalyticsSwift in Frameworks */ = {isa = PBXBuildFile; productRef = B18C06C52B06D13F00D39437 /* FirebaseAnalyticsSwift */; };
		B18C06C82B06D13F00D39437 /* FirebaseAnalyticsWithoutAdIdSupport in Frameworks */ = {isa = PBXBuildFile; productRef = B18C06C72B06D13F00D39437 /* FirebaseAnalyticsWithoutAdIdSupport */; };
		B18C06CA2B06D13F00D39437 /* FirebaseAppCheck in Frameworks */ = {isa = PBXBuildFile; productRef = B18C06C92B06D13F00D39437 /* FirebaseAppCheck */; };
		B18C06CC2B06D13F00D39437 /* FirebaseAppDistribution-Beta in Frameworks */ = {isa = PBXBuildFile; productRef = B18C06CB2B06D13F00D39437 /* FirebaseAppDistribution-Beta */; };
		B18C06CE2B06D13F00D39437 /* FirebaseAuth in Frameworks */ = {isa = PBXBuildFile; productRef = B18C06CD2B06D13F00D39437 /* FirebaseAuth */; };
		B18C06D02B06D13F00D39437 /* FirebaseAuthCombine-Community in Frameworks */ = {isa = PBXBuildFile; productRef = B18C06CF2B06D13F00D39437 /* FirebaseAuthCombine-Community */; };
		B18C06D22B06D13F00D39437 /* FirebaseCrashlytics in Frameworks */ = {isa = PBXBuildFile; productRef = B18C06D12B06D13F00D39437 /* FirebaseCrashlytics */; };
		B18C06D42B06D13F00D39437 /* FirebaseDatabase in Frameworks */ = {isa = PBXBuildFile; productRef = B18C06D32B06D13F00D39437 /* FirebaseDatabase */; };
		B18C06D62B06D13F00D39437 /* FirebaseDatabaseSwift in Frameworks */ = {isa = PBXBuildFile; productRef = B18C06D52B06D13F00D39437 /* FirebaseDatabaseSwift */; };
		B18C06D82B06D13F00D39437 /* FirebaseDynamicLinks in Frameworks */ = {isa = PBXBuildFile; productRef = B18C06D72B06D13F00D39437 /* FirebaseDynamicLinks */; };
		B18C06DA2B06D13F00D39437 /* FirebaseFirestore in Frameworks */ = {isa = PBXBuildFile; productRef = B18C06D92B06D13F00D39437 /* FirebaseFirestore */; };
		B18C06DC2B06D13F00D39437 /* FirebaseFirestoreCombine-Community in Frameworks */ = {isa = PBXBuildFile; productRef = B18C06DB2B06D13F00D39437 /* FirebaseFirestoreCombine-Community */; };
		B18C06DE2B06D13F00D39437 /* FirebaseFirestoreSwift in Frameworks */ = {isa = PBXBuildFile; productRef = B18C06DD2B06D13F00D39437 /* FirebaseFirestoreSwift */; };
		B18C06E02B06D13F00D39437 /* FirebaseFunctions in Frameworks */ = {isa = PBXBuildFile; productRef = B18C06DF2B06D13F00D39437 /* FirebaseFunctions */; };
		B18C06E22B06D13F00D39437 /* FirebaseFunctionsCombine-Community in Frameworks */ = {isa = PBXBuildFile; productRef = B18C06E12B06D13F00D39437 /* FirebaseFunctionsCombine-Community */; };
		B18C06E42B06D13F00D39437 /* FirebaseInAppMessaging-Beta in Frameworks */ = {isa = PBXBuildFile; productRef = B18C06E32B06D13F00D39437 /* FirebaseInAppMessaging-Beta */; };
		B18C06E62B06D13F00D39437 /* FirebaseInAppMessagingSwift-Beta in Frameworks */ = {isa = PBXBuildFile; productRef = B18C06E52B06D13F00D39437 /* FirebaseInAppMessagingSwift-Beta */; };
		B18C06E82B06D13F00D39437 /* FirebaseInstallations in Frameworks */ = {isa = PBXBuildFile; productRef = B18C06E72B06D13F00D39437 /* FirebaseInstallations */; };
		B18C06EA2B06D13F00D39437 /* FirebaseMLModelDownloader in Frameworks */ = {isa = PBXBuildFile; productRef = B18C06E92B06D13F00D39437 /* FirebaseMLModelDownloader */; };
		B18C06EC2B06D13F00D39437 /* FirebaseMessaging in Frameworks */ = {isa = PBXBuildFile; productRef = B18C06EB2B06D13F00D39437 /* FirebaseMessaging */; };
		B18C06EE2B06D13F00D39437 /* FirebasePerformance in Frameworks */ = {isa = PBXBuildFile; productRef = B18C06ED2B06D13F00D39437 /* FirebasePerformance */; };
		B18C06F02B06D13F00D39437 /* FirebaseRemoteConfig in Frameworks */ = {isa = PBXBuildFile; productRef = B18C06EF2B06D13F00D39437 /* FirebaseRemoteConfig */; };
		B18C06F22B06D13F00D39437 /* FirebaseRemoteConfigSwift in Frameworks */ = {isa = PBXBuildFile; productRef = B18C06F12B06D13F00D39437 /* FirebaseRemoteConfigSwift */; };
		B18C06F42B06D13F00D39437 /* FirebaseStorage in Frameworks */ = {isa = PBXBuildFile; productRef = B18C06F32B06D13F00D39437 /* FirebaseStorage */; };
		B18C06F62B06D13F00D39437 /* FirebaseStorageCombine-Community in Frameworks */ = {isa = PBXBuildFile; productRef = B18C06F52B06D13F00D39437 /* FirebaseStorageCombine-Community */; };
		B18CE9F32B016C5B00B66661 /* ChatView.swift in Sources */ = {isa = PBXBuildFile; fileRef = B18CE9F22B016C5B00B66661 /* ChatView.swift */; };
		B18D2A452AFD8CD8000C4B7B /* FirebaseManager.swift in Sources */ = {isa = PBXBuildFile; fileRef = B18D2A442AFD8CD8000C4B7B /* FirebaseManager.swift */; };
		B19C72102B016549003CAA4B /* Message.swift in Sources */ = {isa = PBXBuildFile; fileRef = B19C720F2B016549003CAA4B /* Message.swift */; };
		B1E960772AD8BCEC0023F9A4 /* ChatAppApp.swift in Sources */ = {isa = PBXBuildFile; fileRef = B1E960762AD8BCEC0023F9A4 /* ChatAppApp.swift */; };
		B1E960792AD8BCEC0023F9A4 /* ContentView.swift in Sources */ = {isa = PBXBuildFile; fileRef = B1E960782AD8BCEC0023F9A4 /* ContentView.swift */; };
		B1E9607B2AD8BCEF0023F9A4 /* Assets.xcassets in Resources */ = {isa = PBXBuildFile; fileRef = B1E9607A2AD8BCEF0023F9A4 /* Assets.xcassets */; };
		B1E9607E2AD8BCEF0023F9A4 /* Preview Assets.xcassets in Resources */ = {isa = PBXBuildFile; fileRef = B1E9607D2AD8BCEF0023F9A4 /* Preview Assets.xcassets */; };
		B1E960BC2AD8CD650023F9A4 /* GoogleService-Info.plist in Resources */ = {isa = PBXBuildFile; fileRef = B1E960BB2AD8CD640023F9A4 /* GoogleService-Info.plist */; };
/* End PBXBuildFile section */

/* Begin PBXCopyFilesBuildPhase section */
		B15CEB3E2B064DBF0020292C /* Embed Frameworks */ = {
			isa = PBXCopyFilesBuildPhase;
			buildActionMask = 2147483647;
			dstPath = "";
			dstSubfolderSpec = 10;
			files = (
			);
			name = "Embed Frameworks";
			runOnlyForDeploymentPostprocessing = 0;
		};
/* End PBXCopyFilesBuildPhase section */

/* Begin PBXFileReference section */
		350FE0307B58F852CF6B8C48 /* Pods-ChatApp.release.xcconfig */ = {isa = PBXFileReference; includeInIndex = 1; lastKnownFileType = text.xcconfig; name = "Pods-ChatApp.release.xcconfig"; path = "Target Support Files/Pods-ChatApp/Pods-ChatApp.release.xcconfig"; sourceTree = "<group>"; };
		A1CE05D82B70E6B5B22DA564 /* Pods-ChatApp.debug.xcconfig */ = {isa = PBXFileReference; includeInIndex = 1; lastKnownFileType = text.xcconfig; name = "Pods-ChatApp.debug.xcconfig"; path = "Target Support Files/Pods-ChatApp/Pods-ChatApp.debug.xcconfig"; sourceTree = "<group>"; };
		B12159992B029B660007E965 /* AppDelegate.swift */ = {isa = PBXFileReference; lastKnownFileType = sourcecode.swift; path = AppDelegate.swift; sourceTree = "<group>"; };
		B121599B2B02B88B0007E965 /* LoggedInView.swift */ = {isa = PBXFileReference; lastKnownFileType = sourcecode.swift; path = LoggedInView.swift; sourceTree = "<group>"; };
		B18CE9F22B016C5B00B66661 /* ChatView.swift */ = {isa = PBXFileReference; lastKnownFileType = sourcecode.swift; path = ChatView.swift; sourceTree = "<group>"; };
		B18D2A442AFD8CD8000C4B7B /* FirebaseManager.swift */ = {isa = PBXFileReference; lastKnownFileType = sourcecode.swift; path = FirebaseManager.swift; sourceTree = "<group>"; };
		B19C720F2B016549003CAA4B /* Message.swift */ = {isa = PBXFileReference; lastKnownFileType = sourcecode.swift; path = Message.swift; sourceTree = "<group>"; };
		B1E960732AD8BCEC0023F9A4 /* ChatApp.app */ = {isa = PBXFileReference; explicitFileType = wrapper.application; includeInIndex = 0; path = ChatApp.app; sourceTree = BUILT_PRODUCTS_DIR; };
		B1E960762AD8BCEC0023F9A4 /* ChatAppApp.swift */ = {isa = PBXFileReference; lastKnownFileType = sourcecode.swift; path = ChatAppApp.swift; sourceTree = "<group>"; };
		B1E960782AD8BCEC0023F9A4 /* ContentView.swift */ = {isa = PBXFileReference; lastKnownFileType = sourcecode.swift; path = ContentView.swift; sourceTree = "<group>"; };
		B1E9607A2AD8BCEF0023F9A4 /* Assets.xcassets */ = {isa = PBXFileReference; lastKnownFileType = folder.assetcatalog; path = Assets.xcassets; sourceTree = "<group>"; };
		B1E9607D2AD8BCEF0023F9A4 /* Preview Assets.xcassets */ = {isa = PBXFileReference; lastKnownFileType = folder.assetcatalog; path = "Preview Assets.xcassets"; sourceTree = "<group>"; };
		B1E960BB2AD8CD640023F9A4 /* GoogleService-Info.plist */ = {isa = PBXFileReference; fileEncoding = 4; lastKnownFileType = text.plist.xml; path = "GoogleService-Info.plist"; sourceTree = "<group>"; };
		C820408ADE813852875847B8 /* libPods-ChatApp.a */ = {isa = PBXFileReference; explicitFileType = archive.ar; includeInIndex = 0; path = "libPods-ChatApp.a"; sourceTree = BUILT_PRODUCTS_DIR; };
/* End PBXFileReference section */

/* Begin PBXFrameworksBuildPhase section */
		B1E960702AD8BCEC0023F9A4 /* Frameworks */ = {
			isa = PBXFrameworksBuildPhase;
			buildActionMask = 2147483647;
			files = (
				B18C06E02B06D13F00D39437 /* FirebaseFunctions in Frameworks */,
				B18C06D62B06D13F00D39437 /* FirebaseDatabaseSwift in Frameworks */,
				B18C06E62B06D13F00D39437 /* FirebaseInAppMessagingSwift-Beta in Frameworks */,
				B18C06EC2B06D13F00D39437 /* FirebaseMessaging in Frameworks */,
				B18C06CC2B06D13F00D39437 /* FirebaseAppDistribution-Beta in Frameworks */,
				B18C06D02B06D13F00D39437 /* FirebaseAuthCombine-Community in Frameworks */,
				B18C06DC2B06D13F00D39437 /* FirebaseFirestoreCombine-Community in Frameworks */,
				B18C06C62B06D13F00D39437 /* FirebaseAnalyticsSwift in Frameworks */,
				B18C06EA2B06D13F00D39437 /* FirebaseMLModelDownloader in Frameworks */,
				B18C06C82B06D13F00D39437 /* FirebaseAnalyticsWithoutAdIdSupport in Frameworks */,
				B18C06C22B06D13F00D39437 /* FirebaseAnalytics in Frameworks */,
				B18C06DE2B06D13F00D39437 /* FirebaseFirestoreSwift in Frameworks */,
				B18C06C42B06D13F00D39437 /* FirebaseAnalyticsOnDeviceConversion in Frameworks */,
				B18C06CA2B06D13F00D39437 /* FirebaseAppCheck in Frameworks */,
				B18C06EE2B06D13F00D39437 /* FirebasePerformance in Frameworks */,
				B18C06E42B06D13F00D39437 /* FirebaseInAppMessaging-Beta in Frameworks */,
				B18C06E22B06D13F00D39437 /* FirebaseFunctionsCombine-Community in Frameworks */,
				B18C06D22B06D13F00D39437 /* FirebaseCrashlytics in Frameworks */,
				B18C06E82B06D13F00D39437 /* FirebaseInstallations in Frameworks */,
				B18C06F02B06D13F00D39437 /* FirebaseRemoteConfig in Frameworks */,
				B18C06F42B06D13F00D39437 /* FirebaseStorage in Frameworks */,
				B18C06D42B06D13F00D39437 /* FirebaseDatabase in Frameworks */,
				B18C06F62B06D13F00D39437 /* FirebaseStorageCombine-Community in Frameworks */,
				B18C06CE2B06D13F00D39437 /* FirebaseAuth in Frameworks */,
				B18C06D82B06D13F00D39437 /* FirebaseDynamicLinks in Frameworks */,
				B18C06DA2B06D13F00D39437 /* FirebaseFirestore in Frameworks */,
				B18C06F22B06D13F00D39437 /* FirebaseRemoteConfigSwift in Frameworks */,
				77F07C1549F1CD5A96911BB4 /* libPods-ChatApp.a in Frameworks */,
			);
			runOnlyForDeploymentPostprocessing = 0;
		};
/* End PBXFrameworksBuildPhase section */

/* Begin PBXGroup section */
		936089D666B4BA7E788052DE /* Frameworks */ = {
			isa = PBXGroup;
			children = (
				C820408ADE813852875847B8 /* libPods-ChatApp.a */,
			);
			name = Frameworks;
			sourceTree = "<group>";
		};
		B190B6AB482ECF35037677C7 /* Pods */ = {
			isa = PBXGroup;
			children = (
				A1CE05D82B70E6B5B22DA564 /* Pods-ChatApp.debug.xcconfig */,
				350FE0307B58F852CF6B8C48 /* Pods-ChatApp.release.xcconfig */,
			);
			path = Pods;
			sourceTree = "<group>";
		};
		B1E9606A2AD8BCEC0023F9A4 = {
			isa = PBXGroup;
			children = (
				B1E960752AD8BCEC0023F9A4 /* ChatApp */,
				B1E960742AD8BCEC0023F9A4 /* Products */,
				B190B6AB482ECF35037677C7 /* Pods */,
				936089D666B4BA7E788052DE /* Frameworks */,
			);
			sourceTree = "<group>";
		};
		B1E960742AD8BCEC0023F9A4 /* Products */ = {
			isa = PBXGroup;
			children = (
				B1E960732AD8BCEC0023F9A4 /* ChatApp.app */,
			);
			name = Products;
			sourceTree = "<group>";
		};
		B1E960752AD8BCEC0023F9A4 /* ChatApp */ = {
			isa = PBXGroup;
			children = (
				B1E960762AD8BCEC0023F9A4 /* ChatAppApp.swift */,
				B121599B2B02B88B0007E965 /* LoggedInView.swift */,
				B12159992B029B660007E965 /* AppDelegate.swift */,
				B18CE9F22B016C5B00B66661 /* ChatView.swift */,
				B19C720F2B016549003CAA4B /* Message.swift */,
				B1E960782AD8BCEC0023F9A4 /* ContentView.swift */,
				B18D2A442AFD8CD8000C4B7B /* FirebaseManager.swift */,
				B1E960BB2AD8CD640023F9A4 /* GoogleService-Info.plist */,
				B1E9607A2AD8BCEF0023F9A4 /* Assets.xcassets */,
				B1E9607C2AD8BCEF0023F9A4 /* Preview Content */,
			);
			path = ChatApp;
			sourceTree = "<group>";
		};
		B1E9607C2AD8BCEF0023F9A4 /* Preview Content */ = {
			isa = PBXGroup;
			children = (
				B1E9607D2AD8BCEF0023F9A4 /* Preview Assets.xcassets */,
			);
			path = "Preview Content";
			sourceTree = "<group>";
		};
/* End PBXGroup section */

/* Begin PBXNativeTarget section */
		B1E960722AD8BCEC0023F9A4 /* ChatApp */ = {
			isa = PBXNativeTarget;
			buildConfigurationList = B1E960812AD8BCEF0023F9A4 /* Build configuration list for PBXNativeTarget "ChatApp" */;
			buildPhases = (
				9B4238F29F0F59368521ED22 /* [CP] Check Pods Manifest.lock */,
				B1E9606F2AD8BCEC0023F9A4 /* Sources */,
				B1E960702AD8BCEC0023F9A4 /* Frameworks */,
				B1E960712AD8BCEC0023F9A4 /* Resources */,
				B15CEB3E2B064DBF0020292C /* Embed Frameworks */,
				B69A0A2D70D4FB95E8F9D53E /* [CP] Copy Pods Resources */,
			);
			buildRules = (
			);
			dependencies = (
			);
			name = ChatApp;
			packageProductDependencies = (
				B18C06C12B06D13F00D39437 /* FirebaseAnalytics */,
				B18C06C32B06D13F00D39437 /* FirebaseAnalyticsOnDeviceConversion */,
				B18C06C52B06D13F00D39437 /* FirebaseAnalyticsSwift */,
				B18C06C72B06D13F00D39437 /* FirebaseAnalyticsWithoutAdIdSupport */,
				B18C06C92B06D13F00D39437 /* FirebaseAppCheck */,
				B18C06CB2B06D13F00D39437 /* FirebaseAppDistribution-Beta */,
				B18C06CD2B06D13F00D39437 /* FirebaseAuth */,
				B18C06CF2B06D13F00D39437 /* FirebaseAuthCombine-Community */,
				B18C06D12B06D13F00D39437 /* FirebaseCrashlytics */,
				B18C06D32B06D13F00D39437 /* FirebaseDatabase */,
				B18C06D52B06D13F00D39437 /* FirebaseDatabaseSwift */,
				B18C06D72B06D13F00D39437 /* FirebaseDynamicLinks */,
				B18C06D92B06D13F00D39437 /* FirebaseFirestore */,
				B18C06DB2B06D13F00D39437 /* FirebaseFirestoreCombine-Community */,
				B18C06DD2B06D13F00D39437 /* FirebaseFirestoreSwift */,
				B18C06DF2B06D13F00D39437 /* FirebaseFunctions */,
				B18C06E12B06D13F00D39437 /* FirebaseFunctionsCombine-Community */,
				B18C06E32B06D13F00D39437 /* FirebaseInAppMessaging-Beta */,
				B18C06E52B06D13F00D39437 /* FirebaseInAppMessagingSwift-Beta */,
				B18C06E72B06D13F00D39437 /* FirebaseInstallations */,
				B18C06E92B06D13F00D39437 /* FirebaseMLModelDownloader */,
				B18C06EB2B06D13F00D39437 /* FirebaseMessaging */,
				B18C06ED2B06D13F00D39437 /* FirebasePerformance */,
				B18C06EF2B06D13F00D39437 /* FirebaseRemoteConfig */,
				B18C06F12B06D13F00D39437 /* FirebaseRemoteConfigSwift */,
				B18C06F32B06D13F00D39437 /* FirebaseStorage */,
				B18C06F52B06D13F00D39437 /* FirebaseStorageCombine-Community */,
			);
			productName = ChatApp;
			productReference = B1E960732AD8BCEC0023F9A4 /* ChatApp.app */;
			productType = "com.apple.product-type.application";
		};
/* End PBXNativeTarget section */

/* Begin PBXProject section */
		B1E9606B2AD8BCEC0023F9A4 /* Project object */ = {
			isa = PBXProject;
			attributes = {
				BuildIndependentTargetsInParallel = 1;
				LastSwiftUpdateCheck = 1500;
				LastUpgradeCheck = 1500;
				TargetAttributes = {
					B1E960722AD8BCEC0023F9A4 = {
						CreatedOnToolsVersion = 15.0;
					};
				};
			};
			buildConfigurationList = B1E9606E2AD8BCEC0023F9A4 /* Build configuration list for PBXProject "ChatApp" */;
			compatibilityVersion = "Xcode 14.0";
			developmentRegion = en;
			hasScannedForEncodings = 0;
			knownRegions = (
				en,
				Base,
			);
			mainGroup = B1E9606A2AD8BCEC0023F9A4;
			packageReferences = (
				B18C06C02B06D13F00D39437 /* XCRemoteSwiftPackageReference "firebase-ios-sdk" */,
			);
			productRefGroup = B1E960742AD8BCEC0023F9A4 /* Products */;
			projectDirPath = "";
			projectRoot = "";
			targets = (
				B1E960722AD8BCEC0023F9A4 /* ChatApp */,
			);
		};
/* End PBXProject section */

/* Begin PBXResourcesBuildPhase section */
		B1E960712AD8BCEC0023F9A4 /* Resources */ = {
			isa = PBXResourcesBuildPhase;
			buildActionMask = 2147483647;
			files = (
				B1E9607E2AD8BCEF0023F9A4 /* Preview Assets.xcassets in Resources */,
				B1E960BC2AD8CD650023F9A4 /* GoogleService-Info.plist in Resources */,
				B1E9607B2AD8BCEF0023F9A4 /* Assets.xcassets in Resources */,
			);
			runOnlyForDeploymentPostprocessing = 0;
		};
/* End PBXResourcesBuildPhase section */

/* Begin PBXShellScriptBuildPhase section */
		9B4238F29F0F59368521ED22 /* [CP] Check Pods Manifest.lock */ = {
			isa = PBXShellScriptBuildPhase;
			buildActionMask = 2147483647;
			files = (
			);
			inputFileListPaths = (
			);
			inputPaths = (
				"${PODS_PODFILE_DIR_PATH}/Podfile.lock",
				"${PODS_ROOT}/Manifest.lock",
			);
			name = "[CP] Check Pods Manifest.lock";
			outputFileListPaths = (
			);
			outputPaths = (
				"$(DERIVED_FILE_DIR)/Pods-ChatApp-checkManifestLockResult.txt",
			);
			runOnlyForDeploymentPostprocessing = 0;
			shellPath = /bin/sh;
			shellScript = "diff \"${PODS_PODFILE_DIR_PATH}/Podfile.lock\" \"${PODS_ROOT}/Manifest.lock\" > /dev/null\nif [ $? != 0 ] ; then\n    # print error to STDERR\n    echo \"error: The sandbox is not in sync with the Podfile.lock. Run 'pod install' or update your CocoaPods installation.\" >&2\n    exit 1\nfi\n# This output is used by Xcode 'outputs' to avoid re-running this script phase.\necho \"SUCCESS\" > \"${SCRIPT_OUTPUT_FILE_0}\"\n";
			showEnvVarsInLog = 0;
		};
		B69A0A2D70D4FB95E8F9D53E /* [CP] Copy Pods Resources */ = {
			isa = PBXShellScriptBuildPhase;
			buildActionMask = 2147483647;
			files = (
			);
			inputFileListPaths = (
				"${PODS_ROOT}/Target Support Files/Pods-ChatApp/Pods-ChatApp-resources-${CONFIGURATION}-input-files.xcfilelist",
			);
			name = "[CP] Copy Pods Resources";
			outputFileListPaths = (
				"${PODS_ROOT}/Target Support Files/Pods-ChatApp/Pods-ChatApp-resources-${CONFIGURATION}-output-files.xcfilelist",
			);
			runOnlyForDeploymentPostprocessing = 0;
			shellPath = /bin/sh;
			shellScript = "\"${PODS_ROOT}/Target Support Files/Pods-ChatApp/Pods-ChatApp-resources.sh\"\n";
			showEnvVarsInLog = 0;
		};
/* End PBXShellScriptBuildPhase section */

/* Begin PBXSourcesBuildPhase section */
		B1E9606F2AD8BCEC0023F9A4 /* Sources */ = {
			isa = PBXSourcesBuildPhase;
			buildActionMask = 2147483647;
			files = (
				B121599A2B029B660007E965 /* AppDelegate.swift in Sources */,
				B18D2A452AFD8CD8000C4B7B /* FirebaseManager.swift in Sources */,
				B121599C2B02B88B0007E965 /* LoggedInView.swift in Sources */,
				B19C72102B016549003CAA4B /* Message.swift in Sources */,
				B18CE9F32B016C5B00B66661 /* ChatView.swift in Sources */,
				B1E960792AD8BCEC0023F9A4 /* ContentView.swift in Sources */,
				B1E960772AD8BCEC0023F9A4 /* ChatAppApp.swift in Sources */,
			);
			runOnlyForDeploymentPostprocessing = 0;
		};
/* End PBXSourcesBuildPhase section */

/* Begin XCBuildConfiguration section */
		B1E9607F2AD8BCEF0023F9A4 /* Debug */ = {
			isa = XCBuildConfiguration;
			buildSettings = {
				ALWAYS_SEARCH_USER_PATHS = NO;
				ASSETCATALOG_COMPILER_GENERATE_SWIFT_ASSET_SYMBOL_EXTENSIONS = YES;
				CLANG_ANALYZER_NONNULL = YES;
				CLANG_ANALYZER_NUMBER_OBJECT_CONVERSION = YES_AGGRESSIVE;
				CLANG_CXX_LANGUAGE_STANDARD = "gnu++20";
				CLANG_ENABLE_MODULES = YES;
				CLANG_ENABLE_OBJC_ARC = YES;
				CLANG_ENABLE_OBJC_WEAK = YES;
				CLANG_WARN_BLOCK_CAPTURE_AUTORELEASING = YES;
				CLANG_WARN_BOOL_CONVERSION = YES;
				CLANG_WARN_COMMA = YES;
				CLANG_WARN_CONSTANT_CONVERSION = YES;
				CLANG_WARN_DEPRECATED_OBJC_IMPLEMENTATIONS = YES;
				CLANG_WARN_DIRECT_OBJC_ISA_USAGE = YES_ERROR;
				CLANG_WARN_DOCUMENTATION_COMMENTS = YES;
				CLANG_WARN_EMPTY_BODY = YES;
				CLANG_WARN_ENUM_CONVERSION = YES;
				CLANG_WARN_INFINITE_RECURSION = YES;
				CLANG_WARN_INT_CONVERSION = YES;
				CLANG_WARN_NON_LITERAL_NULL_CONVERSION = YES;
				CLANG_WARN_OBJC_IMPLICIT_RETAIN_SELF = YES;
				CLANG_WARN_OBJC_LITERAL_CONVERSION = YES;
				CLANG_WARN_OBJC_ROOT_CLASS = YES_ERROR;
				CLANG_WARN_QUOTED_INCLUDE_IN_FRAMEWORK_HEADER = YES;
				CLANG_WARN_RANGE_LOOP_ANALYSIS = YES;
				CLANG_WARN_STRICT_PROTOTYPES = YES;
				CLANG_WARN_SUSPICIOUS_MOVE = YES;
				CLANG_WARN_UNGUARDED_AVAILABILITY = YES_AGGRESSIVE;
				CLANG_WARN_UNREACHABLE_CODE = YES;
				CLANG_WARN__DUPLICATE_METHOD_MATCH = YES;
				COPY_PHASE_STRIP = NO;
				DEBUG_INFORMATION_FORMAT = dwarf;
				ENABLE_STRICT_OBJC_MSGSEND = YES;
				ENABLE_TESTABILITY = YES;
				ENABLE_USER_SCRIPT_SANDBOXING = YES;
				GCC_C_LANGUAGE_STANDARD = gnu17;
				GCC_DYNAMIC_NO_PIC = NO;
				GCC_NO_COMMON_BLOCKS = YES;
				GCC_OPTIMIZATION_LEVEL = 0;
				GCC_PREPROCESSOR_DEFINITIONS = (
					"DEBUG=1",
					"$(inherited)",
				);
				GCC_WARN_64_TO_32_BIT_CONVERSION = YES;
				GCC_WARN_ABOUT_RETURN_TYPE = YES_ERROR;
				GCC_WARN_UNDECLARED_SELECTOR = YES;
				GCC_WARN_UNINITIALIZED_AUTOS = YES_AGGRESSIVE;
				GCC_WARN_UNUSED_FUNCTION = YES;
				GCC_WARN_UNUSED_VARIABLE = YES;
				"HEADER_SEARCH_PATHS[arch=*]" = "${PODS_ROOT}/leveldb-library/include";
				IPHONEOS_DEPLOYMENT_TARGET = 17.0;
				LOCALIZATION_PREFERS_STRING_CATALOGS = YES;
				MTL_ENABLE_DEBUG_INFO = INCLUDE_SOURCE;
				MTL_FAST_MATH = YES;
				ONLY_ACTIVE_ARCH = YES;
				SDKROOT = iphoneos;
				SWIFT_ACTIVE_COMPILATION_CONDITIONS = "DEBUG $(inherited)";
				SWIFT_OPTIMIZATION_LEVEL = "-Onone";
				SWIFT_VERSION = "";
			};
			name = Debug;
		};
		B1E960802AD8BCEF0023F9A4 /* Release */ = {
			isa = XCBuildConfiguration;
			buildSettings = {
				ALWAYS_SEARCH_USER_PATHS = NO;
				ASSETCATALOG_COMPILER_GENERATE_SWIFT_ASSET_SYMBOL_EXTENSIONS = YES;
				CLANG_ANALYZER_NONNULL = YES;
				CLANG_ANALYZER_NUMBER_OBJECT_CONVERSION = YES_AGGRESSIVE;
				CLANG_CXX_LANGUAGE_STANDARD = "gnu++20";
				CLANG_ENABLE_MODULES = YES;
				CLANG_ENABLE_OBJC_ARC = YES;
				CLANG_ENABLE_OBJC_WEAK = YES;
				CLANG_WARN_BLOCK_CAPTURE_AUTORELEASING = YES;
				CLANG_WARN_BOOL_CONVERSION = YES;
				CLANG_WARN_COMMA = YES;
				CLANG_WARN_CONSTANT_CONVERSION = YES;
				CLANG_WARN_DEPRECATED_OBJC_IMPLEMENTATIONS = YES;
				CLANG_WARN_DIRECT_OBJC_ISA_USAGE = YES_ERROR;
				CLANG_WARN_DOCUMENTATION_COMMENTS = YES;
				CLANG_WARN_EMPTY_BODY = YES;
				CLANG_WARN_ENUM_CONVERSION = YES;
				CLANG_WARN_INFINITE_RECURSION = YES;
				CLANG_WARN_INT_CONVERSION = YES;
				CLANG_WARN_NON_LITERAL_NULL_CONVERSION = YES;
				CLANG_WARN_OBJC_IMPLICIT_RETAIN_SELF = YES;
				CLANG_WARN_OBJC_LITERAL_CONVERSION = YES;
				CLANG_WARN_OBJC_ROOT_CLASS = YES_ERROR;
				CLANG_WARN_QUOTED_INCLUDE_IN_FRAMEWORK_HEADER = YES;
				CLANG_WARN_RANGE_LOOP_ANALYSIS = YES;
				CLANG_WARN_STRICT_PROTOTYPES = YES;
				CLANG_WARN_SUSPICIOUS_MOVE = YES;
				CLANG_WARN_UNGUARDED_AVAILABILITY = YES_AGGRESSIVE;
				CLANG_WARN_UNREACHABLE_CODE = YES;
				CLANG_WARN__DUPLICATE_METHOD_MATCH = YES;
				COPY_PHASE_STRIP = NO;
				DEBUG_INFORMATION_FORMAT = "dwarf-with-dsym";
				ENABLE_NS_ASSERTIONS = NO;
				ENABLE_STRICT_OBJC_MSGSEND = YES;
				ENABLE_USER_SCRIPT_SANDBOXING = YES;
				GCC_C_LANGUAGE_STANDARD = gnu17;
				GCC_NO_COMMON_BLOCKS = YES;
				GCC_WARN_64_TO_32_BIT_CONVERSION = YES;
				GCC_WARN_ABOUT_RETURN_TYPE = YES_ERROR;
				GCC_WARN_UNDECLARED_SELECTOR = YES;
				GCC_WARN_UNINITIALIZED_AUTOS = YES_AGGRESSIVE;
				GCC_WARN_UNUSED_FUNCTION = YES;
				GCC_WARN_UNUSED_VARIABLE = YES;
				IPHONEOS_DEPLOYMENT_TARGET = 17.0;
				LOCALIZATION_PREFERS_STRING_CATALOGS = YES;
				MTL_ENABLE_DEBUG_INFO = NO;
				MTL_FAST_MATH = YES;
				ONLY_ACTIVE_ARCH = YES;
				SDKROOT = iphoneos;
				SWIFT_COMPILATION_MODE = wholemodule;
				SWIFT_VERSION = "";
				VALIDATE_PRODUCT = YES;
			};
			name = Release;
		};
		B1E960822AD8BCEF0023F9A4 /* Debug */ = {
			isa = XCBuildConfiguration;
			baseConfigurationReference = A1CE05D82B70E6B5B22DA564 /* Pods-ChatApp.debug.xcconfig */;
			buildSettings = {
				ASSETCATALOG_COMPILER_APPICON_NAME = AppIcon;
				ASSETCATALOG_COMPILER_GLOBAL_ACCENT_COLOR_NAME = AccentColor;
				CODE_SIGN_STYLE = Automatic;
				CURRENT_PROJECT_VERSION = 1;
				DEVELOPMENT_ASSET_PATHS = "\"ChatApp/Preview Content\"";
				DEVELOPMENT_TEAM = PK8G5J5NY9;
				ENABLE_PREVIEWS = YES;
				GENERATE_INFOPLIST_FILE = YES;
				HEADER_SEARCH_PATHS = "";
				INFOPLIST_KEY_UIApplicationSceneManifest_Generation = YES;
				INFOPLIST_KEY_UIApplicationSupportsIndirectInputEvents = YES;
				INFOPLIST_KEY_UILaunchScreen_Generation = YES;
				INFOPLIST_KEY_UISupportedInterfaceOrientations_iPad = "UIInterfaceOrientationPortrait UIInterfaceOrientationPortraitUpsideDown UIInterfaceOrientationLandscapeLeft UIInterfaceOrientationLandscapeRight";
				INFOPLIST_KEY_UISupportedInterfaceOrientations_iPhone = "UIInterfaceOrientationPortrait UIInterfaceOrientationLandscapeLeft UIInterfaceOrientationLandscapeRight";
				IPHONEOS_DEPLOYMENT_TARGET = 17.0;
				LD_RUNPATH_SEARCH_PATHS = (
					"$(inherited)",
					"@executable_path/Frameworks",
				);
				MARKETING_VERSION = 1.0;
				PRODUCT_BUNDLE_IDENTIFIER = com.turguterenaksu.ChatApp;
				PRODUCT_NAME = "$(TARGET_NAME)";
				SWIFT_EMIT_LOC_STRINGS = YES;
				SWIFT_VERSION = 5.0;
				TARGETED_DEVICE_FAMILY = "1,2";
			};
			name = Debug;
		};
		B1E960832AD8BCEF0023F9A4 /* Release */ = {
			isa = XCBuildConfiguration;
			baseConfigurationReference = 350FE0307B58F852CF6B8C48 /* Pods-ChatApp.release.xcconfig */;
			buildSettings = {
				ASSETCATALOG_COMPILER_APPICON_NAME = AppIcon;
				ASSETCATALOG_COMPILER_GLOBAL_ACCENT_COLOR_NAME = AccentColor;
				CODE_SIGN_STYLE = Automatic;
				CURRENT_PROJECT_VERSION = 1;
				DEVELOPMENT_ASSET_PATHS = "\"ChatApp/Preview Content\"";
				DEVELOPMENT_TEAM = PK8G5J5NY9;
				ENABLE_PREVIEWS = YES;
				GENERATE_INFOPLIST_FILE = YES;
				HEADER_SEARCH_PATHS = "";
				INFOPLIST_KEY_UIApplicationSceneManifest_Generation = YES;
				INFOPLIST_KEY_UIApplicationSupportsIndirectInputEvents = YES;
				INFOPLIST_KEY_UILaunchScreen_Generation = YES;
				INFOPLIST_KEY_UISupportedInterfaceOrientations_iPad = "UIInterfaceOrientationPortrait UIInterfaceOrientationPortraitUpsideDown UIInterfaceOrientationLandscapeLeft UIInterfaceOrientationLandscapeRight";
				INFOPLIST_KEY_UISupportedInterfaceOrientations_iPhone = "UIInterfaceOrientationPortrait UIInterfaceOrientationLandscapeLeft UIInterfaceOrientationLandscapeRight";
				IPHONEOS_DEPLOYMENT_TARGET = 17.0;
				LD_RUNPATH_SEARCH_PATHS = (
					"$(inherited)",
					"@executable_path/Frameworks",
				);
				MARKETING_VERSION = 1.0;
				PRODUCT_BUNDLE_IDENTIFIER = com.turguterenaksu.ChatApp;
				PRODUCT_NAME = "$(TARGET_NAME)";
				SWIFT_EMIT_LOC_STRINGS = YES;
				SWIFT_VERSION = 5.0;
				TARGETED_DEVICE_FAMILY = "1,2";
			};
			name = Release;
		};
/* End XCBuildConfiguration section */

/* Begin XCConfigurationList section */
		B1E9606E2AD8BCEC0023F9A4 /* Build configuration list for PBXProject "ChatApp" */ = {
			isa = XCConfigurationList;
			buildConfigurations = (
				B1E9607F2AD8BCEF0023F9A4 /* Debug */,
				B1E960802AD8BCEF0023F9A4 /* Release */,
			);
			defaultConfigurationIsVisible = 0;
			defaultConfigurationName = Release;
		};
		B1E960812AD8BCEF0023F9A4 /* Build configuration list for PBXNativeTarget "ChatApp" */ = {
			isa = XCConfigurationList;
			buildConfigurations = (
				B1E960822AD8BCEF0023F9A4 /* Debug */,
				B1E960832AD8BCEF0023F9A4 /* Release */,
			);
			defaultConfigurationIsVisible = 0;
			defaultConfigurationName = Release;
		};
/* End XCConfigurationList section */

/* Begin XCRemoteSwiftPackageReference section */
		B18C06C02B06D13F00D39437 /* XCRemoteSwiftPackageReference "firebase-ios-sdk" */ = {
			isa = XCRemoteSwiftPackageReference;
			repositoryURL = "https://github.com/firebase/firebase-ios-sdk.git";
			requirement = {
				kind = upToNextMajorVersion;
				minimumVersion = 10.18.0;
			};
		};
/* End XCRemoteSwiftPackageReference section */

/* Begin XCSwiftPackageProductDependency section */
		B18C06C12B06D13F00D39437 /* FirebaseAnalytics */ = {
			isa = XCSwiftPackageProductDependency;
			package = B18C06C02B06D13F00D39437 /* XCRemoteSwiftPackageReference "firebase-ios-sdk" */;
			productName = FirebaseAnalytics;
		};
		B18C06C32B06D13F00D39437 /* FirebaseAnalyticsOnDeviceConversion */ = {
			isa = XCSwiftPackageProductDependency;
			package = B18C06C02B06D13F00D39437 /* XCRemoteSwiftPackageReference "firebase-ios-sdk" */;
			productName = FirebaseAnalyticsOnDeviceConversion;
		};
		B18C06C52B06D13F00D39437 /* FirebaseAnalyticsSwift */ = {
			isa = XCSwiftPackageProductDependency;
			package = B18C06C02B06D13F00D39437 /* XCRemoteSwiftPackageReference "firebase-ios-sdk" */;
			productName = FirebaseAnalyticsSwift;
		};
		B18C06C72B06D13F00D39437 /* FirebaseAnalyticsWithoutAdIdSupport */ = {
			isa = XCSwiftPackageProductDependency;
			package = B18C06C02B06D13F00D39437 /* XCRemoteSwiftPackageReference "firebase-ios-sdk" */;
			productName = FirebaseAnalyticsWithoutAdIdSupport;
		};
		B18C06C92B06D13F00D39437 /* FirebaseAppCheck */ = {
			isa = XCSwiftPackageProductDependency;
			package = B18C06C02B06D13F00D39437 /* XCRemoteSwiftPackageReference "firebase-ios-sdk" */;
			productName = FirebaseAppCheck;
		};
		B18C06CB2B06D13F00D39437 /* FirebaseAppDistribution-Beta */ = {
			isa = XCSwiftPackageProductDependency;
			package = B18C06C02B06D13F00D39437 /* XCRemoteSwiftPackageReference "firebase-ios-sdk" */;
			productName = "FirebaseAppDistribution-Beta";
		};
		B18C06CD2B06D13F00D39437 /* FirebaseAuth */ = {
			isa = XCSwiftPackageProductDependency;
			package = B18C06C02B06D13F00D39437 /* XCRemoteSwiftPackageReference "firebase-ios-sdk" */;
			productName = FirebaseAuth;
		};
		B18C06CF2B06D13F00D39437 /* FirebaseAuthCombine-Community */ = {
			isa = XCSwiftPackageProductDependency;
			package = B18C06C02B06D13F00D39437 /* XCRemoteSwiftPackageReference "firebase-ios-sdk" */;
			productName = "FirebaseAuthCombine-Community";
		};
		B18C06D12B06D13F00D39437 /* FirebaseCrashlytics */ = {
			isa = XCSwiftPackageProductDependency;
			package = B18C06C02B06D13F00D39437 /* XCRemoteSwiftPackageReference "firebase-ios-sdk" */;
			productName = FirebaseCrashlytics;
		};
		B18C06D32B06D13F00D39437 /* FirebaseDatabase */ = {
			isa = XCSwiftPackageProductDependency;
			package = B18C06C02B06D13F00D39437 /* XCRemoteSwiftPackageReference "firebase-ios-sdk" */;
			productName = FirebaseDatabase;
		};
		B18C06D52B06D13F00D39437 /* FirebaseDatabaseSwift */ = {
			isa = XCSwiftPackageProductDependency;
			package = B18C06C02B06D13F00D39437 /* XCRemoteSwiftPackageReference "firebase-ios-sdk" */;
			productName = FirebaseDatabaseSwift;
		};
		B18C06D72B06D13F00D39437 /* FirebaseDynamicLinks */ = {
			isa = XCSwiftPackageProductDependency;
			package = B18C06C02B06D13F00D39437 /* XCRemoteSwiftPackageReference "firebase-ios-sdk" */;
			productName = FirebaseDynamicLinks;
		};
		B18C06D92B06D13F00D39437 /* FirebaseFirestore */ = {
			isa = XCSwiftPackageProductDependency;
			package = B18C06C02B06D13F00D39437 /* XCRemoteSwiftPackageReference "firebase-ios-sdk" */;
			productName = FirebaseFirestore;
		};
		B18C06DB2B06D13F00D39437 /* FirebaseFirestoreCombine-Community */ = {
			isa = XCSwiftPackageProductDependency;
			package = B18C06C02B06D13F00D39437 /* XCRemoteSwiftPackageReference "firebase-ios-sdk" */;
			productName = "FirebaseFirestoreCombine-Community";
		};
		B18C06DD2B06D13F00D39437 /* FirebaseFirestoreSwift */ = {
			isa = XCSwiftPackageProductDependency;
			package = B18C06C02B06D13F00D39437 /* XCRemoteSwiftPackageReference "firebase-ios-sdk" */;
			productName = FirebaseFirestoreSwift;
		};
		B18C06DF2B06D13F00D39437 /* FirebaseFunctions */ = {
			isa = XCSwiftPackageProductDependency;
			package = B18C06C02B06D13F00D39437 /* XCRemoteSwiftPackageReference "firebase-ios-sdk" */;
			productName = FirebaseFunctions;
		};
		B18C06E12B06D13F00D39437 /* FirebaseFunctionsCombine-Community */ = {
			isa = XCSwiftPackageProductDependency;
			package = B18C06C02B06D13F00D39437 /* XCRemoteSwiftPackageReference "firebase-ios-sdk" */;
			productName = "FirebaseFunctionsCombine-Community";
		};
		B18C06E32B06D13F00D39437 /* FirebaseInAppMessaging-Beta */ = {
			isa = XCSwiftPackageProductDependency;
			package = B18C06C02B06D13F00D39437 /* XCRemoteSwiftPackageReference "firebase-ios-sdk" */;
			productName = "FirebaseInAppMessaging-Beta";
		};
		B18C06E52B06D13F00D39437 /* FirebaseInAppMessagingSwift-Beta */ = {
			isa = XCSwiftPackageProductDependency;
			package = B18C06C02B06D13F00D39437 /* XCRemoteSwiftPackageReference "firebase-ios-sdk" */;
			productName = "FirebaseInAppMessagingSwift-Beta";
		};
		B18C06E72B06D13F00D39437 /* FirebaseInstallations */ = {
			isa = XCSwiftPackageProductDependency;
			package = B18C06C02B06D13F00D39437 /* XCRemoteSwiftPackageReference "firebase-ios-sdk" */;
			productName = FirebaseInstallations;
		};
		B18C06E92B06D13F00D39437 /* FirebaseMLModelDownloader */ = {
			isa = XCSwiftPackageProductDependency;
			package = B18C06C02B06D13F00D39437 /* XCRemoteSwiftPackageReference "firebase-ios-sdk" */;
			productName = FirebaseMLModelDownloader;
		};
		B18C06EB2B06D13F00D39437 /* FirebaseMessaging */ = {
			isa = XCSwiftPackageProductDependency;
			package = B18C06C02B06D13F00D39437 /* XCRemoteSwiftPackageReference "firebase-ios-sdk" */;
			productName = FirebaseMessaging;
		};
		B18C06ED2B06D13F00D39437 /* FirebasePerformance */ = {
			isa = XCSwiftPackageProductDependency;
			package = B18C06C02B06D13F00D39437 /* XCRemoteSwiftPackageReference "firebase-ios-sdk" */;
			productName = FirebasePerformance;
		};
		B18C06EF2B06D13F00D39437 /* FirebaseRemoteConfig */ = {
			isa = XCSwiftPackageProductDependency;
			package = B18C06C02B06D13F00D39437 /* XCRemoteSwiftPackageReference "firebase-ios-sdk" */;
			productName = FirebaseRemoteConfig;
		};
		B18C06F12B06D13F00D39437 /* FirebaseRemoteConfigSwift */ = {
			isa = XCSwiftPackageProductDependency;
			package = B18C06C02B06D13F00D39437 /* XCRemoteSwiftPackageReference "firebase-ios-sdk" */;
			productName = FirebaseRemoteConfigSwift;
		};
		B18C06F32B06D13F00D39437 /* FirebaseStorage */ = {
			isa = XCSwiftPackageProductDependency;
			package = B18C06C02B06D13F00D39437 /* XCRemoteSwiftPackageReference "firebase-ios-sdk" */;
			productName = FirebaseStorage;
		};
		B18C06F52B06D13F00D39437 /* FirebaseStorageCombine-Community */ = {
			isa = XCSwiftPackageProductDependency;
			package = B18C06C02B06D13F00D39437 /* XCRemoteSwiftPackageReference "firebase-ios-sdk" */;
			productName = "FirebaseStorageCombine-Community";
		};
/* End XCSwiftPackageProductDependency section */
	};
	rootObject = B1E9606B2AD8BCEC0023F9A4 /* Project object */;
}
