// !$*UTF8*$!
{
	archiveVersion = 1;
	classes = {
	};
	objectVersion = 56;
	objects = {

/* Begin PBXBuildFile section */
		B109ECDF2B090F900060E527 /* GoogleService-Info.plist in Resources */ = {isa = PBXBuildFile; fileRef = B109ECDE2B090F900060E527 /* GoogleService-Info.plist */; };
		B109ECE12B0912A60060E527 /* Assets.xcassets in Resources */ = {isa = PBXBuildFile; fileRef = B109ECE02B0912A60060E527 /* Assets.xcassets */; };
		B113C6D32B1EF8AC00A5F7D6 /* ChatUser.swift in Sources */ = {isa = PBXBuildFile; fileRef = B113C6D22B1EF8AC00A5F7D6 /* ChatUser.swift */; };
		B113C6D52B1F009800A5F7D6 /* CreatChat.swift in Sources */ = {isa = PBXBuildFile; fileRef = B113C6D42B1F009800A5F7D6 /* CreatChat.swift */; };
		B12D3F2E2B11255C00D9FD13 /* User.swift in Sources */ = {isa = PBXBuildFile; fileRef = B12D3F2D2B11255C00D9FD13 /* User.swift */; };
		B156DDB32B1B7C7E00B4FB76 /* SDWebImageSwiftUI in Frameworks */ = {isa = PBXBuildFile; productRef = B156DDB22B1B7C7E00B4FB76 /* SDWebImageSwiftUI */; };
		B1941B012B08FCD000571760 /* ChatAppApp.swift in Sources */ = {isa = PBXBuildFile; fileRef = B1941B002B08FCD000571760 /* ChatAppApp.swift */; };
		B1941B032B08FCD000571760 /* ContentView.swift in Sources */ = {isa = PBXBuildFile; fileRef = B1941B022B08FCD000571760 /* ContentView.swift */; };
		B1941B0F2B08FD0000571760 /* FirebaseManager.swift in Sources */ = {isa = PBXBuildFile; fileRef = B1941B0E2B08FD0000571760 /* FirebaseManager.swift */; };
		B1941B112B08FD2100571760 /* ChatView.swift in Sources */ = {isa = PBXBuildFile; fileRef = B1941B102B08FD2100571760 /* ChatView.swift */; };
		B1941B132B08FD9B00571760 /* Message.swift in Sources */ = {isa = PBXBuildFile; fileRef = B1941B122B08FD9B00571760 /* Message.swift */; };
		B1941B152B08FDEB00571760 /* LoggedInView.swift in Sources */ = {isa = PBXBuildFile; fileRef = B1941B142B08FDEB00571760 /* LoggedInView.swift */; };
		B1941B172B08FE0600571760 /* AppDelegate.swift in Sources */ = {isa = PBXBuildFile; fileRef = B1941B162B08FE0600571760 /* AppDelegate.swift */; };
		B1941B1A2B08FF2000571760 /* FirebaseAnalytics in Frameworks */ = {isa = PBXBuildFile; productRef = B1941B192B08FF2000571760 /* FirebaseAnalytics */; };
		B1941B1C2B08FF2000571760 /* FirebaseAnalyticsOnDeviceConversion in Frameworks */ = {isa = PBXBuildFile; productRef = B1941B1B2B08FF2000571760 /* FirebaseAnalyticsOnDeviceConversion */; };
		B1941B1E2B08FF2000571760 /* FirebaseAnalyticsSwift in Frameworks */ = {isa = PBXBuildFile; productRef = B1941B1D2B08FF2000571760 /* FirebaseAnalyticsSwift */; };
		B1941B202B08FF2000571760 /* FirebaseAnalyticsWithoutAdIdSupport in Frameworks */ = {isa = PBXBuildFile; productRef = B1941B1F2B08FF2000571760 /* FirebaseAnalyticsWithoutAdIdSupport */; };
		B1941B222B08FF2000571760 /* FirebaseAppCheck in Frameworks */ = {isa = PBXBuildFile; productRef = B1941B212B08FF2000571760 /* FirebaseAppCheck */; };
		B1941B242B08FF2000571760 /* FirebaseAppDistribution-Beta in Frameworks */ = {isa = PBXBuildFile; productRef = B1941B232B08FF2000571760 /* FirebaseAppDistribution-Beta */; };
		B1941B262B08FF2000571760 /* FirebaseAuth in Frameworks */ = {isa = PBXBuildFile; productRef = B1941B252B08FF2000571760 /* FirebaseAuth */; };
		B1941B282B08FF2000571760 /* FirebaseAuthCombine-Community in Frameworks */ = {isa = PBXBuildFile; productRef = B1941B272B08FF2000571760 /* FirebaseAuthCombine-Community */; };
		B1941B2A2B08FF2000571760 /* FirebaseCrashlytics in Frameworks */ = {isa = PBXBuildFile; productRef = B1941B292B08FF2000571760 /* FirebaseCrashlytics */; };
		B1941B2C2B08FF2000571760 /* FirebaseDatabase in Frameworks */ = {isa = PBXBuildFile; productRef = B1941B2B2B08FF2000571760 /* FirebaseDatabase */; };
		B1941B2E2B08FF2000571760 /* FirebaseDatabaseSwift in Frameworks */ = {isa = PBXBuildFile; productRef = B1941B2D2B08FF2000571760 /* FirebaseDatabaseSwift */; };
		B1941B302B08FF2000571760 /* FirebaseDynamicLinks in Frameworks */ = {isa = PBXBuildFile; productRef = B1941B2F2B08FF2000571760 /* FirebaseDynamicLinks */; };
		B1941B322B08FF2000571760 /* FirebaseFirestore in Frameworks */ = {isa = PBXBuildFile; productRef = B1941B312B08FF2000571760 /* FirebaseFirestore */; };
		B1941B342B08FF2000571760 /* FirebaseFirestoreCombine-Community in Frameworks */ = {isa = PBXBuildFile; productRef = B1941B332B08FF2000571760 /* FirebaseFirestoreCombine-Community */; };
		B1941B362B08FF2000571760 /* FirebaseFirestoreSwift in Frameworks */ = {isa = PBXBuildFile; productRef = B1941B352B08FF2000571760 /* FirebaseFirestoreSwift */; };
		B1941B382B08FF2000571760 /* FirebaseFunctions in Frameworks */ = {isa = PBXBuildFile; productRef = B1941B372B08FF2000571760 /* FirebaseFunctions */; };
		B1941B3A2B08FF2000571760 /* FirebaseFunctionsCombine-Community in Frameworks */ = {isa = PBXBuildFile; productRef = B1941B392B08FF2000571760 /* FirebaseFunctionsCombine-Community */; };
		B1941B3C2B08FF2000571760 /* FirebaseInAppMessaging-Beta in Frameworks */ = {isa = PBXBuildFile; productRef = B1941B3B2B08FF2000571760 /* FirebaseInAppMessaging-Beta */; };
		B1941B3E2B08FF2000571760 /* FirebaseInAppMessagingSwift-Beta in Frameworks */ = {isa = PBXBuildFile; productRef = B1941B3D2B08FF2000571760 /* FirebaseInAppMessagingSwift-Beta */; };
		B1941B402B08FF2000571760 /* FirebaseInstallations in Frameworks */ = {isa = PBXBuildFile; productRef = B1941B3F2B08FF2000571760 /* FirebaseInstallations */; };
		B1941B422B08FF2000571760 /* FirebaseMLModelDownloader in Frameworks */ = {isa = PBXBuildFile; productRef = B1941B412B08FF2000571760 /* FirebaseMLModelDownloader */; };
		B1941B442B08FF2000571760 /* FirebaseMessaging in Frameworks */ = {isa = PBXBuildFile; productRef = B1941B432B08FF2000571760 /* FirebaseMessaging */; };
		B1941B462B08FF2000571760 /* FirebasePerformance in Frameworks */ = {isa = PBXBuildFile; productRef = B1941B452B08FF2000571760 /* FirebasePerformance */; };
		B1941B482B08FF2000571760 /* FirebaseRemoteConfig in Frameworks */ = {isa = PBXBuildFile; productRef = B1941B472B08FF2000571760 /* FirebaseRemoteConfig */; };
		B1941B4A2B08FF2000571760 /* FirebaseRemoteConfigSwift in Frameworks */ = {isa = PBXBuildFile; productRef = B1941B492B08FF2000571760 /* FirebaseRemoteConfigSwift */; };
		B1941B4C2B08FF2000571760 /* FirebaseStorage in Frameworks */ = {isa = PBXBuildFile; productRef = B1941B4B2B08FF2000571760 /* FirebaseStorage */; };
		B1941B4E2B08FF2000571760 /* FirebaseStorageCombine-Community in Frameworks */ = {isa = PBXBuildFile; productRef = B1941B4D2B08FF2000571760 /* FirebaseStorageCombine-Community */; };
		B1D496AB2B148CCF00C416C4 /* MessageView.swift in Sources */ = {isa = PBXBuildFile; fileRef = B1D496AA2B148CCF00C416C4 /* MessageView.swift */; };
/* End PBXBuildFile section */

/* Begin PBXFileReference section */
		B109ECDE2B090F900060E527 /* GoogleService-Info.plist */ = {isa = PBXFileReference; fileEncoding = 4; lastKnownFileType = text.plist.xml; path = "GoogleService-Info.plist"; sourceTree = "<group>"; };
		B109ECE02B0912A60060E527 /* Assets.xcassets */ = {isa = PBXFileReference; lastKnownFileType = folder.assetcatalog; path = Assets.xcassets; sourceTree = "<group>"; };
		B113C6D22B1EF8AC00A5F7D6 /* ChatUser.swift */ = {isa = PBXFileReference; lastKnownFileType = sourcecode.swift; path = ChatUser.swift; sourceTree = "<group>"; };
		B113C6D42B1F009800A5F7D6 /* CreatChat.swift */ = {isa = PBXFileReference; lastKnownFileType = sourcecode.swift; path = CreatChat.swift; sourceTree = "<group>"; };
		B12D3F2D2B11255C00D9FD13 /* User.swift */ = {isa = PBXFileReference; lastKnownFileType = sourcecode.swift; path = User.swift; sourceTree = "<group>"; };
		B1941AFD2B08FCD000571760 /* ChatApp.app */ = {isa = PBXFileReference; explicitFileType = wrapper.application; includeInIndex = 0; path = ChatApp.app; sourceTree = BUILT_PRODUCTS_DIR; };
		B1941B002B08FCD000571760 /* ChatAppApp.swift */ = {isa = PBXFileReference; lastKnownFileType = sourcecode.swift; path = ChatAppApp.swift; sourceTree = "<group>"; };
		B1941B022B08FCD000571760 /* ContentView.swift */ = {isa = PBXFileReference; lastKnownFileType = sourcecode.swift; path = ContentView.swift; sourceTree = "<group>"; };
		B1941B0E2B08FD0000571760 /* FirebaseManager.swift */ = {isa = PBXFileReference; lastKnownFileType = sourcecode.swift; path = FirebaseManager.swift; sourceTree = "<group>"; };
		B1941B102B08FD2100571760 /* ChatView.swift */ = {isa = PBXFileReference; lastKnownFileType = sourcecode.swift; path = ChatView.swift; sourceTree = "<group>"; };
		B1941B122B08FD9B00571760 /* Message.swift */ = {isa = PBXFileReference; lastKnownFileType = sourcecode.swift; path = Message.swift; sourceTree = "<group>"; };
		B1941B142B08FDEB00571760 /* LoggedInView.swift */ = {isa = PBXFileReference; lastKnownFileType = sourcecode.swift; path = LoggedInView.swift; sourceTree = "<group>"; };
		B1941B162B08FE0600571760 /* AppDelegate.swift */ = {isa = PBXFileReference; lastKnownFileType = sourcecode.swift; path = AppDelegate.swift; sourceTree = "<group>"; };
		B1D496AA2B148CCF00C416C4 /* MessageView.swift */ = {isa = PBXFileReference; lastKnownFileType = sourcecode.swift; path = MessageView.swift; sourceTree = "<group>"; };
/* End PBXFileReference section */

/* Begin PBXFrameworksBuildPhase section */
		B1941AFA2B08FCD000571760 /* Frameworks */ = {
			isa = PBXFrameworksBuildPhase;
			buildActionMask = 2147483647;
			files = (
				B156DDB32B1B7C7E00B4FB76 /* SDWebImageSwiftUI in Frameworks */,
				B1941B2C2B08FF2000571760 /* FirebaseDatabase in Frameworks */,
				B1941B3A2B08FF2000571760 /* FirebaseFunctionsCombine-Community in Frameworks */,
				B1941B322B08FF2000571760 /* FirebaseFirestore in Frameworks */,
				B1941B1E2B08FF2000571760 /* FirebaseAnalyticsSwift in Frameworks */,
				B1941B1A2B08FF2000571760 /* FirebaseAnalytics in Frameworks */,
				B1941B1C2B08FF2000571760 /* FirebaseAnalyticsOnDeviceConversion in Frameworks */,
				B1941B422B08FF2000571760 /* FirebaseMLModelDownloader in Frameworks */,
				B1941B362B08FF2000571760 /* FirebaseFirestoreSwift in Frameworks */,
				B1941B222B08FF2000571760 /* FirebaseAppCheck in Frameworks */,
				B1941B202B08FF2000571760 /* FirebaseAnalyticsWithoutAdIdSupport in Frameworks */,
				B1941B262B08FF2000571760 /* FirebaseAuth in Frameworks */,
				B1941B2A2B08FF2000571760 /* FirebaseCrashlytics in Frameworks */,
				B1941B4A2B08FF2000571760 /* FirebaseRemoteConfigSwift in Frameworks */,
				B1941B3C2B08FF2000571760 /* FirebaseInAppMessaging-Beta in Frameworks */,
				B1941B2E2B08FF2000571760 /* FirebaseDatabaseSwift in Frameworks */,
				B1941B382B08FF2000571760 /* FirebaseFunctions in Frameworks */,
				B1941B4E2B08FF2000571760 /* FirebaseStorageCombine-Community in Frameworks */,
				B1941B482B08FF2000571760 /* FirebaseRemoteConfig in Frameworks */,
				B1941B242B08FF2000571760 /* FirebaseAppDistribution-Beta in Frameworks */,
				B1941B282B08FF2000571760 /* FirebaseAuthCombine-Community in Frameworks */,
				B1941B462B08FF2000571760 /* FirebasePerformance in Frameworks */,
				B1941B3E2B08FF2000571760 /* FirebaseInAppMessagingSwift-Beta in Frameworks */,
				B1941B4C2B08FF2000571760 /* FirebaseStorage in Frameworks */,
				B1941B302B08FF2000571760 /* FirebaseDynamicLinks in Frameworks */,
				B1941B342B08FF2000571760 /* FirebaseFirestoreCombine-Community in Frameworks */,
				B1941B442B08FF2000571760 /* FirebaseMessaging in Frameworks */,
				B1941B402B08FF2000571760 /* FirebaseInstallations in Frameworks */,
			);
			runOnlyForDeploymentPostprocessing = 0;
		};
/* End PBXFrameworksBuildPhase section */

/* Begin PBXGroup section */
		B1941AF42B08FCD000571760 = {
			isa = PBXGroup;
			children = (
				B1941AFF2B08FCD000571760 /* ChatApp */,
				B1941AFE2B08FCD000571760 /* Products */,
			);
			sourceTree = "<group>";
		};
		B1941AFE2B08FCD000571760 /* Products */ = {
			isa = PBXGroup;
			children = (
				B1941AFD2B08FCD000571760 /* ChatApp.app */,
			);
			name = Products;
			sourceTree = "<group>";
		};
		B1941AFF2B08FCD000571760 /* ChatApp */ = {
			isa = PBXGroup;
			children = (
				B1941B002B08FCD000571760 /* ChatAppApp.swift */,
				B1941B162B08FE0600571760 /* AppDelegate.swift */,
				B1D496AA2B148CCF00C416C4 /* MessageView.swift */,
				B113C6D42B1F009800A5F7D6 /* CreatChat.swift */,
				B113C6D22B1EF8AC00A5F7D6 /* ChatUser.swift */,
				B1941B142B08FDEB00571760 /* LoggedInView.swift */,
				B1941B122B08FD9B00571760 /* Message.swift */,
				B1941B102B08FD2100571760 /* ChatView.swift */,
				B12D3F2D2B11255C00D9FD13 /* User.swift */,
				B1941B022B08FCD000571760 /* ContentView.swift */,
				B1941B0E2B08FD0000571760 /* FirebaseManager.swift */,
				B109ECE02B0912A60060E527 /* Assets.xcassets */,
				B109ECDE2B090F900060E527 /* GoogleService-Info.plist */,
			);
			path = ChatApp;
			sourceTree = "<group>";
		};
/* End PBXGroup section */

/* Begin PBXNativeTarget section */
		B1941AFC2B08FCD000571760 /* ChatApp */ = {
			isa = PBXNativeTarget;
			buildConfigurationList = B1941B0B2B08FCD300571760 /* Build configuration list for PBXNativeTarget "ChatApp" */;
			buildPhases = (
				B1941AF92B08FCD000571760 /* Sources */,
				B1941AFA2B08FCD000571760 /* Frameworks */,
				B1941AFB2B08FCD000571760 /* Resources */,
			);
			buildRules = (
			);
			dependencies = (
			);
			name = ChatApp;
			packageProductDependencies = (
				B1941B192B08FF2000571760 /* FirebaseAnalytics */,
				B1941B1B2B08FF2000571760 /* FirebaseAnalyticsOnDeviceConversion */,
				B1941B1D2B08FF2000571760 /* FirebaseAnalyticsSwift */,
				B1941B1F2B08FF2000571760 /* FirebaseAnalyticsWithoutAdIdSupport */,
				B1941B212B08FF2000571760 /* FirebaseAppCheck */,
				B1941B232B08FF2000571760 /* FirebaseAppDistribution-Beta */,
				B1941B252B08FF2000571760 /* FirebaseAuth */,
				B1941B272B08FF2000571760 /* FirebaseAuthCombine-Community */,
				B1941B292B08FF2000571760 /* FirebaseCrashlytics */,
				B1941B2B2B08FF2000571760 /* FirebaseDatabase */,
				B1941B2D2B08FF2000571760 /* FirebaseDatabaseSwift */,
				B1941B2F2B08FF2000571760 /* FirebaseDynamicLinks */,
				B1941B312B08FF2000571760 /* FirebaseFirestore */,
				B1941B332B08FF2000571760 /* FirebaseFirestoreCombine-Community */,
				B1941B352B08FF2000571760 /* FirebaseFirestoreSwift */,
				B1941B372B08FF2000571760 /* FirebaseFunctions */,
				B1941B392B08FF2000571760 /* FirebaseFunctionsCombine-Community */,
				B1941B3B2B08FF2000571760 /* FirebaseInAppMessaging-Beta */,
				B1941B3D2B08FF2000571760 /* FirebaseInAppMessagingSwift-Beta */,
				B1941B3F2B08FF2000571760 /* FirebaseInstallations */,
				B1941B412B08FF2000571760 /* FirebaseMLModelDownloader */,
				B1941B432B08FF2000571760 /* FirebaseMessaging */,
				B1941B452B08FF2000571760 /* FirebasePerformance */,
				B1941B472B08FF2000571760 /* FirebaseRemoteConfig */,
				B1941B492B08FF2000571760 /* FirebaseRemoteConfigSwift */,
				B1941B4B2B08FF2000571760 /* FirebaseStorage */,
				B1941B4D2B08FF2000571760 /* FirebaseStorageCombine-Community */,
				B156DDB22B1B7C7E00B4FB76 /* SDWebImageSwiftUI */,
			);
			productName = ChatApp;
			productReference = B1941AFD2B08FCD000571760 /* ChatApp.app */;
			productType = "com.apple.product-type.application";
		};
/* End PBXNativeTarget section */

/* Begin PBXProject section */
		B1941AF52B08FCD000571760 /* Project object */ = {
			isa = PBXProject;
			attributes = {
				BuildIndependentTargetsInParallel = 1;
				LastSwiftUpdateCheck = 1500;
				LastUpgradeCheck = 1500;
				TargetAttributes = {
					B1941AFC2B08FCD000571760 = {
						CreatedOnToolsVersion = 15.0.1;
					};
				};
			};
			buildConfigurationList = B1941AF82B08FCD000571760 /* Build configuration list for PBXProject "ChatApp" */;
			compatibilityVersion = "Xcode 14.0";
			developmentRegion = en;
			hasScannedForEncodings = 0;
			knownRegions = (
				en,
				Base,
			);
			mainGroup = B1941AF42B08FCD000571760;
			packageReferences = (
				B1941B182B08FF2000571760 /* XCRemoteSwiftPackageReference "firebase-ios-sdk" */,
				B156DDB12B1B7C7E00B4FB76 /* XCRemoteSwiftPackageReference "SDWebImageSwiftUI" */,
			);
			productRefGroup = B1941AFE2B08FCD000571760 /* Products */;
			projectDirPath = "";
			projectRoot = "";
			targets = (
				B1941AFC2B08FCD000571760 /* ChatApp */,
			);
		};
/* End PBXProject section */

/* Begin PBXResourcesBuildPhase section */
		B1941AFB2B08FCD000571760 /* Resources */ = {
			isa = PBXResourcesBuildPhase;
			buildActionMask = 2147483647;
			files = (
				B109ECE12B0912A60060E527 /* Assets.xcassets in Resources */,
				B109ECDF2B090F900060E527 /* GoogleService-Info.plist in Resources */,
			);
			runOnlyForDeploymentPostprocessing = 0;
		};
/* End PBXResourcesBuildPhase section */

/* Begin PBXSourcesBuildPhase section */
		B1941AF92B08FCD000571760 /* Sources */ = {
			isa = PBXSourcesBuildPhase;
			buildActionMask = 2147483647;
			files = (
				B113C6D52B1F009800A5F7D6 /* CreatChat.swift in Sources */,
				B1941B0F2B08FD0000571760 /* FirebaseManager.swift in Sources */,
				B1941B152B08FDEB00571760 /* LoggedInView.swift in Sources */,
				B1941B112B08FD2100571760 /* ChatView.swift in Sources */,
				B1D496AB2B148CCF00C416C4 /* MessageView.swift in Sources */,
				B113C6D32B1EF8AC00A5F7D6 /* ChatUser.swift in Sources */,
				B1941B132B08FD9B00571760 /* Message.swift in Sources */,
				B12D3F2E2B11255C00D9FD13 /* User.swift in Sources */,
				B1941B172B08FE0600571760 /* AppDelegate.swift in Sources */,
				B1941B032B08FCD000571760 /* ContentView.swift in Sources */,
				B1941B012B08FCD000571760 /* ChatAppApp.swift in Sources */,
			);
			runOnlyForDeploymentPostprocessing = 0;
		};
/* End PBXSourcesBuildPhase section */

/* Begin XCBuildConfiguration section */
		B1941B092B08FCD300571760 /* Debug */ = {
			isa = XCBuildConfiguration;
			buildSettings = {
				ALWAYS_SEARCH_USER_PATHS = NO;
				ASSETCATALOG_COMPILER_GENERATE_SWIFT_ASSET_SYMBOL_EXTENSIONS = YES;
				CLANG_ANALYZER_NONNULL = YES;
				CLANG_ANALYZER_NUMBER_OBJECT_CONVERSION = YES_AGGRESSIVE;
				CLANG_CXX_LANGUAGE_STANDARD = "gnu++20";
				CLANG_ENABLE_MODULES = YES;
				CLANG_ENABLE_OBJC_ARC = YES;
				CLANG_ENABLE_OBJC_WEAK = YES;
				CLANG_WARN_BLOCK_CAPTURE_AUTORELEASING = YES;
				CLANG_WARN_BOOL_CONVERSION = YES;
				CLANG_WARN_COMMA = YES;
				CLANG_WARN_CONSTANT_CONVERSION = YES;
				CLANG_WARN_DEPRECATED_OBJC_IMPLEMENTATIONS = YES;
				CLANG_WARN_DIRECT_OBJC_ISA_USAGE = YES_ERROR;
				CLANG_WARN_DOCUMENTATION_COMMENTS = YES;
				CLANG_WARN_EMPTY_BODY = YES;
				CLANG_WARN_ENUM_CONVERSION = YES;
				CLANG_WARN_INFINITE_RECURSION = YES;
				CLANG_WARN_INT_CONVERSION = YES;
				CLANG_WARN_NON_LITERAL_NULL_CONVERSION = YES;
				CLANG_WARN_OBJC_IMPLICIT_RETAIN_SELF = YES;
				CLANG_WARN_OBJC_LITERAL_CONVERSION = YES;
				CLANG_WARN_OBJC_ROOT_CLASS = YES_ERROR;
				CLANG_WARN_QUOTED_INCLUDE_IN_FRAMEWORK_HEADER = YES;
				CLANG_WARN_RANGE_LOOP_ANALYSIS = YES;
				CLANG_WARN_STRICT_PROTOTYPES = YES;
				CLANG_WARN_SUSPICIOUS_MOVE = YES;
				CLANG_WARN_UNGUARDED_AVAILABILITY = YES_AGGRESSIVE;
				CLANG_WARN_UNREACHABLE_CODE = YES;
				CLANG_WARN__DUPLICATE_METHOD_MATCH = YES;
				COPY_PHASE_STRIP = NO;
				DEBUG_INFORMATION_FORMAT = dwarf;
				ENABLE_STRICT_OBJC_MSGSEND = YES;
				ENABLE_TESTABILITY = YES;
				ENABLE_USER_SCRIPT_SANDBOXING = YES;
				GCC_C_LANGUAGE_STANDARD = gnu17;
				GCC_DYNAMIC_NO_PIC = NO;
				GCC_NO_COMMON_BLOCKS = YES;
				GCC_OPTIMIZATION_LEVEL = 0;
				GCC_PREPROCESSOR_DEFINITIONS = (
					"DEBUG=1",
					"$(inherited)",
				);
				GCC_WARN_64_TO_32_BIT_CONVERSION = YES;
				GCC_WARN_ABOUT_RETURN_TYPE = YES_ERROR;
				GCC_WARN_UNDECLARED_SELECTOR = YES;
				GCC_WARN_UNINITIALIZED_AUTOS = YES_AGGRESSIVE;
				GCC_WARN_UNUSED_FUNCTION = YES;
				GCC_WARN_UNUSED_VARIABLE = YES;
				IPHONEOS_DEPLOYMENT_TARGET = 17.0;
				LOCALIZATION_PREFERS_STRING_CATALOGS = YES;
				MTL_ENABLE_DEBUG_INFO = INCLUDE_SOURCE;
				MTL_FAST_MATH = YES;
				ONLY_ACTIVE_ARCH = YES;
				SDKROOT = iphoneos;
				SWIFT_ACTIVE_COMPILATION_CONDITIONS = "DEBUG $(inherited)";
				SWIFT_OPTIMIZATION_LEVEL = "-Onone";
			};
			name = Debug;
		};
		B1941B0A2B08FCD300571760 /* Release */ = {
			isa = XCBuildConfiguration;
			buildSettings = {
				ALWAYS_SEARCH_USER_PATHS = NO;
				ASSETCATALOG_COMPILER_GENERATE_SWIFT_ASSET_SYMBOL_EXTENSIONS = YES;
				CLANG_ANALYZER_NONNULL = YES;
				CLANG_ANALYZER_NUMBER_OBJECT_CONVERSION = YES_AGGRESSIVE;
				CLANG_CXX_LANGUAGE_STANDARD = "gnu++20";
				CLANG_ENABLE_MODULES = YES;
				CLANG_ENABLE_OBJC_ARC = YES;
				CLANG_ENABLE_OBJC_WEAK = YES;
				CLANG_WARN_BLOCK_CAPTURE_AUTORELEASING = YES;
				CLANG_WARN_BOOL_CONVERSION = YES;
				CLANG_WARN_COMMA = YES;
				CLANG_WARN_CONSTANT_CONVERSION = YES;
				CLANG_WARN_DEPRECATED_OBJC_IMPLEMENTATIONS = YES;
				CLANG_WARN_DIRECT_OBJC_ISA_USAGE = YES_ERROR;
				CLANG_WARN_DOCUMENTATION_COMMENTS = YES;
				CLANG_WARN_EMPTY_BODY = YES;
				CLANG_WARN_ENUM_CONVERSION = YES;
				CLANG_WARN_INFINITE_RECURSION = YES;
				CLANG_WARN_INT_CONVERSION = YES;
				CLANG_WARN_NON_LITERAL_NULL_CONVERSION = YES;
				CLANG_WARN_OBJC_IMPLICIT_RETAIN_SELF = YES;
				CLANG_WARN_OBJC_LITERAL_CONVERSION = YES;
				CLANG_WARN_OBJC_ROOT_CLASS = YES_ERROR;
				CLANG_WARN_QUOTED_INCLUDE_IN_FRAMEWORK_HEADER = YES;
				CLANG_WARN_RANGE_LOOP_ANALYSIS = YES;
				CLANG_WARN_STRICT_PROTOTYPES = YES;
				CLANG_WARN_SUSPICIOUS_MOVE = YES;
				CLANG_WARN_UNGUARDED_AVAILABILITY = YES_AGGRESSIVE;
				CLANG_WARN_UNREACHABLE_CODE = YES;
				CLANG_WARN__DUPLICATE_METHOD_MATCH = YES;
				COPY_PHASE_STRIP = NO;
				DEBUG_INFORMATION_FORMAT = "dwarf-with-dsym";
				ENABLE_NS_ASSERTIONS = NO;
				ENABLE_STRICT_OBJC_MSGSEND = YES;
				ENABLE_USER_SCRIPT_SANDBOXING = YES;
				GCC_C_LANGUAGE_STANDARD = gnu17;
				GCC_NO_COMMON_BLOCKS = YES;
				GCC_WARN_64_TO_32_BIT_CONVERSION = YES;
				GCC_WARN_ABOUT_RETURN_TYPE = YES_ERROR;
				GCC_WARN_UNDECLARED_SELECTOR = YES;
				GCC_WARN_UNINITIALIZED_AUTOS = YES_AGGRESSIVE;
				GCC_WARN_UNUSED_FUNCTION = YES;
				GCC_WARN_UNUSED_VARIABLE = YES;
				IPHONEOS_DEPLOYMENT_TARGET = 17.0;
				LOCALIZATION_PREFERS_STRING_CATALOGS = YES;
				MTL_ENABLE_DEBUG_INFO = NO;
				MTL_FAST_MATH = YES;
				SDKROOT = iphoneos;
				SWIFT_COMPILATION_MODE = wholemodule;
				VALIDATE_PRODUCT = YES;
			};
			name = Release;
		};
		B1941B0C2B08FCD300571760 /* Debug */ = {
			isa = XCBuildConfiguration;
			buildSettings = {
				ASSETCATALOG_COMPILER_APPICON_NAME = AppIcon;
				ASSETCATALOG_COMPILER_GLOBAL_ACCENT_COLOR_NAME = AccentColor;
				CODE_SIGN_STYLE = Automatic;
				CURRENT_PROJECT_VERSION = 1;
				DEVELOPMENT_ASSET_PATHS = "\"ChatApp/Preview Content\"";
				DEVELOPMENT_TEAM = PK8G5J5NY9;
				ENABLE_PREVIEWS = YES;
				GENERATE_INFOPLIST_FILE = YES;
				INFOPLIST_KEY_UIApplicationSceneManifest_Generation = YES;
				INFOPLIST_KEY_UIApplicationSupportsIndirectInputEvents = YES;
				INFOPLIST_KEY_UILaunchScreen_Generation = YES;
				INFOPLIST_KEY_UISupportedInterfaceOrientations_iPad = "UIInterfaceOrientationPortrait UIInterfaceOrientationPortraitUpsideDown UIInterfaceOrientationLandscapeLeft UIInterfaceOrientationLandscapeRight";
				INFOPLIST_KEY_UISupportedInterfaceOrientations_iPhone = "UIInterfaceOrientationPortrait UIInterfaceOrientationLandscapeLeft UIInterfaceOrientationLandscapeRight";
				LD_RUNPATH_SEARCH_PATHS = (
					"$(inherited)",
					"@executable_path/Frameworks",
				);
				MARKETING_VERSION = 1.0;
				PRODUCT_BUNDLE_IDENTIFIER = com.turguterenaksu.ChatApp;
				PRODUCT_NAME = "$(TARGET_NAME)";
				SWIFT_EMIT_LOC_STRINGS = YES;
				SWIFT_VERSION = 5.0;
				TARGETED_DEVICE_FAMILY = "1,2";
			};
			name = Debug;
		};
		B1941B0D2B08FCD300571760 /* Release */ = {
			isa = XCBuildConfiguration;
			buildSettings = {
				ASSETCATALOG_COMPILER_APPICON_NAME = AppIcon;
				ASSETCATALOG_COMPILER_GLOBAL_ACCENT_COLOR_NAME = AccentColor;
				CODE_SIGN_STYLE = Automatic;
				CURRENT_PROJECT_VERSION = 1;
				DEVELOPMENT_ASSET_PATHS = "\"ChatApp/Preview Content\"";
				DEVELOPMENT_TEAM = PK8G5J5NY9;
				ENABLE_PREVIEWS = YES;
				GENERATE_INFOPLIST_FILE = YES;
				INFOPLIST_KEY_UIApplicationSceneManifest_Generation = YES;
				INFOPLIST_KEY_UIApplicationSupportsIndirectInputEvents = YES;
				INFOPLIST_KEY_UILaunchScreen_Generation = YES;
				INFOPLIST_KEY_UISupportedInterfaceOrientations_iPad = "UIInterfaceOrientationPortrait UIInterfaceOrientationPortraitUpsideDown UIInterfaceOrientationLandscapeLeft UIInterfaceOrientationLandscapeRight";
				INFOPLIST_KEY_UISupportedInterfaceOrientations_iPhone = "UIInterfaceOrientationPortrait UIInterfaceOrientationLandscapeLeft UIInterfaceOrientationLandscapeRight";
				LD_RUNPATH_SEARCH_PATHS = (
					"$(inherited)",
					"@executable_path/Frameworks",
				);
				MARKETING_VERSION = 1.0;
				PRODUCT_BUNDLE_IDENTIFIER = com.turguterenaksu.ChatApp;
				PRODUCT_NAME = "$(TARGET_NAME)";
				SWIFT_EMIT_LOC_STRINGS = YES;
				SWIFT_VERSION = 5.0;
				TARGETED_DEVICE_FAMILY = "1,2";
			};
			name = Release;
		};
/* End XCBuildConfiguration section */

/* Begin XCConfigurationList section */
		B1941AF82B08FCD000571760 /* Build configuration list for PBXProject "ChatApp" */ = {
			isa = XCConfigurationList;
			buildConfigurations = (
				B1941B092B08FCD300571760 /* Debug */,
				B1941B0A2B08FCD300571760 /* Release */,
			);
			defaultConfigurationIsVisible = 0;
			defaultConfigurationName = Release;
		};
		B1941B0B2B08FCD300571760 /* Build configuration list for PBXNativeTarget "ChatApp" */ = {
			isa = XCConfigurationList;
			buildConfigurations = (
				B1941B0C2B08FCD300571760 /* Debug */,
				B1941B0D2B08FCD300571760 /* Release */,
			);
			defaultConfigurationIsVisible = 0;
			defaultConfigurationName = Release;
		};
/* End XCConfigurationList section */

/* Begin XCRemoteSwiftPackageReference section */
		B156DDB12B1B7C7E00B4FB76 /* XCRemoteSwiftPackageReference "SDWebImageSwiftUI" */ = {
			isa = XCRemoteSwiftPackageReference;
			repositoryURL = "https://github.com/SDWebImage/SDWebImageSwiftUI";
			requirement = {
				kind = upToNextMajorVersion;
				minimumVersion = 2.2.5;
			};
		};
		B1941B182B08FF2000571760 /* XCRemoteSwiftPackageReference "firebase-ios-sdk" */ = {
			isa = XCRemoteSwiftPackageReference;
			repositoryURL = "https://github.com/firebase/firebase-ios-sdk.git";
			requirement = {
				kind = upToNextMajorVersion;
				minimumVersion = 10.18.0;
			};
		};
/* End XCRemoteSwiftPackageReference section */

/* Begin XCSwiftPackageProductDependency section */
		B156DDB22B1B7C7E00B4FB76 /* SDWebImageSwiftUI */ = {
			isa = XCSwiftPackageProductDependency;
			package = B156DDB12B1B7C7E00B4FB76 /* XCRemoteSwiftPackageReference "SDWebImageSwiftUI" */;
			productName = SDWebImageSwiftUI;
		};
		B1941B192B08FF2000571760 /* FirebaseAnalytics */ = {
			isa = XCSwiftPackageProductDependency;
			package = B1941B182B08FF2000571760 /* XCRemoteSwiftPackageReference "firebase-ios-sdk" */;
			productName = FirebaseAnalytics;
		};
		B1941B1B2B08FF2000571760 /* FirebaseAnalyticsOnDeviceConversion */ = {
			isa = XCSwiftPackageProductDependency;
			package = B1941B182B08FF2000571760 /* XCRemoteSwiftPackageReference "firebase-ios-sdk" */;
			productName = FirebaseAnalyticsOnDeviceConversion;
		};
		B1941B1D2B08FF2000571760 /* FirebaseAnalyticsSwift */ = {
			isa = XCSwiftPackageProductDependency;
			package = B1941B182B08FF2000571760 /* XCRemoteSwiftPackageReference "firebase-ios-sdk" */;
			productName = FirebaseAnalyticsSwift;
		};
		B1941B1F2B08FF2000571760 /* FirebaseAnalyticsWithoutAdIdSupport */ = {
			isa = XCSwiftPackageProductDependency;
			package = B1941B182B08FF2000571760 /* XCRemoteSwiftPackageReference "firebase-ios-sdk" */;
			productName = FirebaseAnalyticsWithoutAdIdSupport;
		};
		B1941B212B08FF2000571760 /* FirebaseAppCheck */ = {
			isa = XCSwiftPackageProductDependency;
			package = B1941B182B08FF2000571760 /* XCRemoteSwiftPackageReference "firebase-ios-sdk" */;
			productName = FirebaseAppCheck;
		};
		B1941B232B08FF2000571760 /* FirebaseAppDistribution-Beta */ = {
			isa = XCSwiftPackageProductDependency;
			package = B1941B182B08FF2000571760 /* XCRemoteSwiftPackageReference "firebase-ios-sdk" */;
			productName = "FirebaseAppDistribution-Beta";
		};
		B1941B252B08FF2000571760 /* FirebaseAuth */ = {
			isa = XCSwiftPackageProductDependency;
			package = B1941B182B08FF2000571760 /* XCRemoteSwiftPackageReference "firebase-ios-sdk" */;
			productName = FirebaseAuth;
		};
		B1941B272B08FF2000571760 /* FirebaseAuthCombine-Community */ = {
			isa = XCSwiftPackageProductDependency;
			package = B1941B182B08FF2000571760 /* XCRemoteSwiftPackageReference "firebase-ios-sdk" */;
			productName = "FirebaseAuthCombine-Community";
		};
		B1941B292B08FF2000571760 /* FirebaseCrashlytics */ = {
			isa = XCSwiftPackageProductDependency;
			package = B1941B182B08FF2000571760 /* XCRemoteSwiftPackageReference "firebase-ios-sdk" */;
			productName = FirebaseCrashlytics;
		};
		B1941B2B2B08FF2000571760 /* FirebaseDatabase */ = {
			isa = XCSwiftPackageProductDependency;
			package = B1941B182B08FF2000571760 /* XCRemoteSwiftPackageReference "firebase-ios-sdk" */;
			productName = FirebaseDatabase;
		};
		B1941B2D2B08FF2000571760 /* FirebaseDatabaseSwift */ = {
			isa = XCSwiftPackageProductDependency;
			package = B1941B182B08FF2000571760 /* XCRemoteSwiftPackageReference "firebase-ios-sdk" */;
			productName = FirebaseDatabaseSwift;
		};
		B1941B2F2B08FF2000571760 /* FirebaseDynamicLinks */ = {
			isa = XCSwiftPackageProductDependency;
			package = B1941B182B08FF2000571760 /* XCRemoteSwiftPackageReference "firebase-ios-sdk" */;
			productName = FirebaseDynamicLinks;
		};
		B1941B312B08FF2000571760 /* FirebaseFirestore */ = {
			isa = XCSwiftPackageProductDependency;
			package = B1941B182B08FF2000571760 /* XCRemoteSwiftPackageReference "firebase-ios-sdk" */;
			productName = FirebaseFirestore;
		};
		B1941B332B08FF2000571760 /* FirebaseFirestoreCombine-Community */ = {
			isa = XCSwiftPackageProductDependency;
			package = B1941B182B08FF2000571760 /* XCRemoteSwiftPackageReference "firebase-ios-sdk" */;
			productName = "FirebaseFirestoreCombine-Community";
		};
		B1941B352B08FF2000571760 /* FirebaseFirestoreSwift */ = {
			isa = XCSwiftPackageProductDependency;
			package = B1941B182B08FF2000571760 /* XCRemoteSwiftPackageReference "firebase-ios-sdk" */;
			productName = FirebaseFirestoreSwift;
		};
		B1941B372B08FF2000571760 /* FirebaseFunctions */ = {
			isa = XCSwiftPackageProductDependency;
			package = B1941B182B08FF2000571760 /* XCRemoteSwiftPackageReference "firebase-ios-sdk" */;
			productName = FirebaseFunctions;
		};
		B1941B392B08FF2000571760 /* FirebaseFunctionsCombine-Community */ = {
			isa = XCSwiftPackageProductDependency;
			package = B1941B182B08FF2000571760 /* XCRemoteSwiftPackageReference "firebase-ios-sdk" */;
			productName = "FirebaseFunctionsCombine-Community";
		};
		B1941B3B2B08FF2000571760 /* FirebaseInAppMessaging-Beta */ = {
			isa = XCSwiftPackageProductDependency;
			package = B1941B182B08FF2000571760 /* XCRemoteSwiftPackageReference "firebase-ios-sdk" */;
			productName = "FirebaseInAppMessaging-Beta";
		};
		B1941B3D2B08FF2000571760 /* FirebaseInAppMessagingSwift-Beta */ = {
			isa = XCSwiftPackageProductDependency;
			package = B1941B182B08FF2000571760 /* XCRemoteSwiftPackageReference "firebase-ios-sdk" */;
			productName = "FirebaseInAppMessagingSwift-Beta";
		};
		B1941B3F2B08FF2000571760 /* FirebaseInstallations */ = {
			isa = XCSwiftPackageProductDependency;
			package = B1941B182B08FF2000571760 /* XCRemoteSwiftPackageReference "firebase-ios-sdk" */;
			productName = FirebaseInstallations;
		};
		B1941B412B08FF2000571760 /* FirebaseMLModelDownloader */ = {
			isa = XCSwiftPackageProductDependency;
			package = B1941B182B08FF2000571760 /* XCRemoteSwiftPackageReference "firebase-ios-sdk" */;
			productName = FirebaseMLModelDownloader;
		};
		B1941B432B08FF2000571760 /* FirebaseMessaging */ = {
			isa = XCSwiftPackageProductDependency;
			package = B1941B182B08FF2000571760 /* XCRemoteSwiftPackageReference "firebase-ios-sdk" */;
			productName = FirebaseMessaging;
		};
		B1941B452B08FF2000571760 /* FirebasePerformance */ = {
			isa = XCSwiftPackageProductDependency;
			package = B1941B182B08FF2000571760 /* XCRemoteSwiftPackageReference "firebase-ios-sdk" */;
			productName = FirebasePerformance;
		};
		B1941B472B08FF2000571760 /* FirebaseRemoteConfig */ = {
			isa = XCSwiftPackageProductDependency;
			package = B1941B182B08FF2000571760 /* XCRemoteSwiftPackageReference "firebase-ios-sdk" */;
			productName = FirebaseRemoteConfig;
		};
		B1941B492B08FF2000571760 /* FirebaseRemoteConfigSwift */ = {
			isa = XCSwiftPackageProductDependency;
			package = B1941B182B08FF2000571760 /* XCRemoteSwiftPackageReference "firebase-ios-sdk" */;
			productName = FirebaseRemoteConfigSwift;
		};
		B1941B4B2B08FF2000571760 /* FirebaseStorage */ = {
			isa = XCSwiftPackageProductDependency;
			package = B1941B182B08FF2000571760 /* XCRemoteSwiftPackageReference "firebase-ios-sdk" */;
			productName = FirebaseStorage;
		};
		B1941B4D2B08FF2000571760 /* FirebaseStorageCombine-Community */ = {
			isa = XCSwiftPackageProductDependency;
			package = B1941B182B08FF2000571760 /* XCRemoteSwiftPackageReference "firebase-ios-sdk" */;
			productName = "FirebaseStorageCombine-Community";
		};
/* End XCSwiftPackageProductDependency section */
	};
	rootObject = B1941AF52B08FCD000571760 /* Project object */;
}
