// !$*UTF8*$!
{
	archiveVersion = 1;
	classes = {
	};
	objectVersion = 56;
	objects = {

/* Begin PBXBuildFile section */
		B16261402B0020140091A587 /* FirebaseAnalytics in Frameworks */ = {isa = PBXBuildFile; productRef = B162613F2B0020140091A587 /* FirebaseAnalytics */; };
		B16261422B0020140091A587 /* FirebaseAnalyticsOnDeviceConversion in Frameworks */ = {isa = PBXBuildFile; productRef = B16261412B0020140091A587 /* FirebaseAnalyticsOnDeviceConversion */; };
		B16261442B0020140091A587 /* FirebaseAnalyticsSwift in Frameworks */ = {isa = PBXBuildFile; productRef = B16261432B0020140091A587 /* FirebaseAnalyticsSwift */; };
		B16261462B0020140091A587 /* FirebaseAnalyticsWithoutAdIdSupport in Frameworks */ = {isa = PBXBuildFile; productRef = B16261452B0020140091A587 /* FirebaseAnalyticsWithoutAdIdSupport */; };
		B16261482B0020140091A587 /* FirebaseAppCheck in Frameworks */ = {isa = PBXBuildFile; productRef = B16261472B0020140091A587 /* FirebaseAppCheck */; };
		B162614A2B0020140091A587 /* FirebaseAppDistribution-Beta in Frameworks */ = {isa = PBXBuildFile; productRef = B16261492B0020140091A587 /* FirebaseAppDistribution-Beta */; };
		B162614C2B0020140091A587 /* FirebaseAuth in Frameworks */ = {isa = PBXBuildFile; productRef = B162614B2B0020140091A587 /* FirebaseAuth */; };
		B162614E2B0020140091A587 /* FirebaseAuthCombine-Community in Frameworks */ = {isa = PBXBuildFile; productRef = B162614D2B0020140091A587 /* FirebaseAuthCombine-Community */; };
		B16261502B0020140091A587 /* FirebaseCrashlytics in Frameworks */ = {isa = PBXBuildFile; productRef = B162614F2B0020140091A587 /* FirebaseCrashlytics */; };
		B16261522B0020140091A587 /* FirebaseDatabase in Frameworks */ = {isa = PBXBuildFile; productRef = B16261512B0020140091A587 /* FirebaseDatabase */; };
		B16261542B0020140091A587 /* FirebaseFirestore in Frameworks */ = {isa = PBXBuildFile; productRef = B16261532B0020140091A587 /* FirebaseFirestore */; };
		B16261562B0020140091A587 /* FirebaseFirestoreCombine-Community in Frameworks */ = {isa = PBXBuildFile; productRef = B16261552B0020140091A587 /* FirebaseFirestoreCombine-Community */; };
		B16261582B0020140091A587 /* FirebaseFirestoreSwift in Frameworks */ = {isa = PBXBuildFile; productRef = B16261572B0020140091A587 /* FirebaseFirestoreSwift */; };
		B162615A2B0020140091A587 /* FirebaseFunctions in Frameworks */ = {isa = PBXBuildFile; productRef = B16261592B0020140091A587 /* FirebaseFunctions */; };
		B162615C2B0020140091A587 /* FirebaseFunctionsCombine-Community in Frameworks */ = {isa = PBXBuildFile; productRef = B162615B2B0020140091A587 /* FirebaseFunctionsCombine-Community */; };
		B162615E2B0020140091A587 /* FirebaseInAppMessaging-Beta in Frameworks */ = {isa = PBXBuildFile; productRef = B162615D2B0020140091A587 /* FirebaseInAppMessaging-Beta */; };
		B16261602B0020140091A587 /* FirebaseInAppMessagingSwift-Beta in Frameworks */ = {isa = PBXBuildFile; productRef = B162615F2B0020140091A587 /* FirebaseInAppMessagingSwift-Beta */; };
		B16261622B0020140091A587 /* FirebaseInstallations in Frameworks */ = {isa = PBXBuildFile; productRef = B16261612B0020140091A587 /* FirebaseInstallations */; };
		B16261642B0020140091A587 /* FirebaseMLModelDownloader in Frameworks */ = {isa = PBXBuildFile; productRef = B16261632B0020140091A587 /* FirebaseMLModelDownloader */; };
		B16261662B0020140091A587 /* FirebaseMessaging in Frameworks */ = {isa = PBXBuildFile; productRef = B16261652B0020140091A587 /* FirebaseMessaging */; };
		B16261682B0020140091A587 /* FirebasePerformance in Frameworks */ = {isa = PBXBuildFile; productRef = B16261672B0020140091A587 /* FirebasePerformance */; };
		B162616A2B0020140091A587 /* FirebaseRemoteConfig in Frameworks */ = {isa = PBXBuildFile; productRef = B16261692B0020140091A587 /* FirebaseRemoteConfig */; };
		B162616C2B0020140091A587 /* FirebaseRemoteConfigSwift in Frameworks */ = {isa = PBXBuildFile; productRef = B162616B2B0020140091A587 /* FirebaseRemoteConfigSwift */; };
		B162616E2B0020140091A587 /* FirebaseStorage in Frameworks */ = {isa = PBXBuildFile; productRef = B162616D2B0020140091A587 /* FirebaseStorage */; };
		B16261702B0020140091A587 /* FirebaseStorageCombine-Community in Frameworks */ = {isa = PBXBuildFile; productRef = B162616F2B0020140091A587 /* FirebaseStorageCombine-Community */; };
		B18CE9F32B016C5B00B66661 /* ChatView.swift in Sources */ = {isa = PBXBuildFile; fileRef = B18CE9F22B016C5B00B66661 /* ChatView.swift */; };
		B18D2A452AFD8CD8000C4B7B /* FirebaseManager.swift in Sources */ = {isa = PBXBuildFile; fileRef = B18D2A442AFD8CD8000C4B7B /* FirebaseManager.swift */; };
		B19C72102B016549003CAA4B /* Message.swift in Sources */ = {isa = PBXBuildFile; fileRef = B19C720F2B016549003CAA4B /* Message.swift */; };
		B1E960772AD8BCEC0023F9A4 /* ChatAppApp.swift in Sources */ = {isa = PBXBuildFile; fileRef = B1E960762AD8BCEC0023F9A4 /* ChatAppApp.swift */; };
		B1E960792AD8BCEC0023F9A4 /* ContentView.swift in Sources */ = {isa = PBXBuildFile; fileRef = B1E960782AD8BCEC0023F9A4 /* ContentView.swift */; };
		B1E9607B2AD8BCEF0023F9A4 /* Assets.xcassets in Resources */ = {isa = PBXBuildFile; fileRef = B1E9607A2AD8BCEF0023F9A4 /* Assets.xcassets */; };
		B1E9607E2AD8BCEF0023F9A4 /* Preview Assets.xcassets in Resources */ = {isa = PBXBuildFile; fileRef = B1E9607D2AD8BCEF0023F9A4 /* Preview Assets.xcassets */; };
		B1E960862AD8CA780023F9A4 /* FirebaseAnalytics in Frameworks */ = {isa = PBXBuildFile; productRef = B1E960852AD8CA780023F9A4 /* FirebaseAnalytics */; };
		B1E960882AD8CA780023F9A4 /* FirebaseAnalyticsOnDeviceConversion in Frameworks */ = {isa = PBXBuildFile; productRef = B1E960872AD8CA780023F9A4 /* FirebaseAnalyticsOnDeviceConversion */; };
		B1E9608A2AD8CA780023F9A4 /* FirebaseAnalyticsSwift in Frameworks */ = {isa = PBXBuildFile; productRef = B1E960892AD8CA780023F9A4 /* FirebaseAnalyticsSwift */; };
		B1E9608C2AD8CA780023F9A4 /* FirebaseAnalyticsWithoutAdIdSupport in Frameworks */ = {isa = PBXBuildFile; productRef = B1E9608B2AD8CA780023F9A4 /* FirebaseAnalyticsWithoutAdIdSupport */; };
		B1E9608E2AD8CA780023F9A4 /* FirebaseAppCheck in Frameworks */ = {isa = PBXBuildFile; productRef = B1E9608D2AD8CA780023F9A4 /* FirebaseAppCheck */; };
		B1E960902AD8CA780023F9A4 /* FirebaseAppDistribution-Beta in Frameworks */ = {isa = PBXBuildFile; productRef = B1E9608F2AD8CA780023F9A4 /* FirebaseAppDistribution-Beta */; };
		B1E960922AD8CA780023F9A4 /* FirebaseAuth in Frameworks */ = {isa = PBXBuildFile; productRef = B1E960912AD8CA780023F9A4 /* FirebaseAuth */; };
		B1E960942AD8CA780023F9A4 /* FirebaseAuthCombine-Community in Frameworks */ = {isa = PBXBuildFile; productRef = B1E960932AD8CA780023F9A4 /* FirebaseAuthCombine-Community */; };
		B1E960962AD8CA780023F9A4 /* FirebaseCrashlytics in Frameworks */ = {isa = PBXBuildFile; productRef = B1E960952AD8CA780023F9A4 /* FirebaseCrashlytics */; };
		B1E960982AD8CA780023F9A4 /* FirebaseDatabase in Frameworks */ = {isa = PBXBuildFile; productRef = B1E960972AD8CA780023F9A4 /* FirebaseDatabase */; };
		B1E9609A2AD8CA780023F9A4 /* FirebaseDatabaseSwift in Frameworks */ = {isa = PBXBuildFile; productRef = B1E960992AD8CA780023F9A4 /* FirebaseDatabaseSwift */; };
		B1E9609C2AD8CA780023F9A4 /* FirebaseDynamicLinks in Frameworks */ = {isa = PBXBuildFile; productRef = B1E9609B2AD8CA780023F9A4 /* FirebaseDynamicLinks */; };
		B1E9609E2AD8CA780023F9A4 /* FirebaseFirestore in Frameworks */ = {isa = PBXBuildFile; productRef = B1E9609D2AD8CA780023F9A4 /* FirebaseFirestore */; };
		B1E960A02AD8CA780023F9A4 /* FirebaseFirestoreCombine-Community in Frameworks */ = {isa = PBXBuildFile; productRef = B1E9609F2AD8CA780023F9A4 /* FirebaseFirestoreCombine-Community */; };
		B1E960A22AD8CA780023F9A4 /* FirebaseFirestoreSwift in Frameworks */ = {isa = PBXBuildFile; productRef = B1E960A12AD8CA780023F9A4 /* FirebaseFirestoreSwift */; };
		B1E960A42AD8CA780023F9A4 /* FirebaseFunctions in Frameworks */ = {isa = PBXBuildFile; productRef = B1E960A32AD8CA780023F9A4 /* FirebaseFunctions */; };
		B1E960A62AD8CA780023F9A4 /* FirebaseFunctionsCombine-Community in Frameworks */ = {isa = PBXBuildFile; productRef = B1E960A52AD8CA780023F9A4 /* FirebaseFunctionsCombine-Community */; };
		B1E960A82AD8CA780023F9A4 /* FirebaseInAppMessaging-Beta in Frameworks */ = {isa = PBXBuildFile; productRef = B1E960A72AD8CA780023F9A4 /* FirebaseInAppMessaging-Beta */; };
		B1E960AA2AD8CA780023F9A4 /* FirebaseInAppMessagingSwift-Beta in Frameworks */ = {isa = PBXBuildFile; productRef = B1E960A92AD8CA780023F9A4 /* FirebaseInAppMessagingSwift-Beta */; };
		B1E960AC2AD8CA780023F9A4 /* FirebaseInstallations in Frameworks */ = {isa = PBXBuildFile; productRef = B1E960AB2AD8CA780023F9A4 /* FirebaseInstallations */; };
		B1E960AE2AD8CA780023F9A4 /* FirebaseMLModelDownloader in Frameworks */ = {isa = PBXBuildFile; productRef = B1E960AD2AD8CA780023F9A4 /* FirebaseMLModelDownloader */; };
		B1E960B02AD8CA780023F9A4 /* FirebaseMessaging in Frameworks */ = {isa = PBXBuildFile; productRef = B1E960AF2AD8CA780023F9A4 /* FirebaseMessaging */; };
		B1E960B22AD8CA780023F9A4 /* FirebasePerformance in Frameworks */ = {isa = PBXBuildFile; productRef = B1E960B12AD8CA780023F9A4 /* FirebasePerformance */; };
		B1E960B42AD8CA780023F9A4 /* FirebaseRemoteConfig in Frameworks */ = {isa = PBXBuildFile; productRef = B1E960B32AD8CA780023F9A4 /* FirebaseRemoteConfig */; };
		B1E960B62AD8CA780023F9A4 /* FirebaseRemoteConfigSwift in Frameworks */ = {isa = PBXBuildFile; productRef = B1E960B52AD8CA780023F9A4 /* FirebaseRemoteConfigSwift */; };
		B1E960B82AD8CA780023F9A4 /* FirebaseStorage in Frameworks */ = {isa = PBXBuildFile; productRef = B1E960B72AD8CA780023F9A4 /* FirebaseStorage */; };
		B1E960BA2AD8CA780023F9A4 /* FirebaseStorageCombine-Community in Frameworks */ = {isa = PBXBuildFile; productRef = B1E960B92AD8CA780023F9A4 /* FirebaseStorageCombine-Community */; };
		B1E960BC2AD8CD650023F9A4 /* GoogleService-Info.plist in Resources */ = {isa = PBXBuildFile; fileRef = B1E960BB2AD8CD640023F9A4 /* GoogleService-Info.plist */; };
/* End PBXBuildFile section */

/* Begin PBXFileReference section */
		B18CE9F22B016C5B00B66661 /* ChatView.swift */ = {isa = PBXFileReference; lastKnownFileType = sourcecode.swift; path = ChatView.swift; sourceTree = "<group>"; };
		B18D2A442AFD8CD8000C4B7B /* FirebaseManager.swift */ = {isa = PBXFileReference; lastKnownFileType = sourcecode.swift; path = FirebaseManager.swift; sourceTree = "<group>"; };
		B19C720F2B016549003CAA4B /* Message.swift */ = {isa = PBXFileReference; lastKnownFileType = sourcecode.swift; path = Message.swift; sourceTree = "<group>"; };
		B1E960732AD8BCEC0023F9A4 /* ChatApp.app */ = {isa = PBXFileReference; explicitFileType = wrapper.application; includeInIndex = 0; path = ChatApp.app; sourceTree = BUILT_PRODUCTS_DIR; };
		B1E960762AD8BCEC0023F9A4 /* ChatAppApp.swift */ = {isa = PBXFileReference; lastKnownFileType = sourcecode.swift; path = ChatAppApp.swift; sourceTree = "<group>"; };
		B1E960782AD8BCEC0023F9A4 /* ContentView.swift */ = {isa = PBXFileReference; lastKnownFileType = sourcecode.swift; path = ContentView.swift; sourceTree = "<group>"; };
		B1E9607A2AD8BCEF0023F9A4 /* Assets.xcassets */ = {isa = PBXFileReference; lastKnownFileType = folder.assetcatalog; path = Assets.xcassets; sourceTree = "<group>"; };
		B1E9607D2AD8BCEF0023F9A4 /* Preview Assets.xcassets */ = {isa = PBXFileReference; lastKnownFileType = folder.assetcatalog; path = "Preview Assets.xcassets"; sourceTree = "<group>"; };
		B1E960BB2AD8CD640023F9A4 /* GoogleService-Info.plist */ = {isa = PBXFileReference; fileEncoding = 4; lastKnownFileType = text.plist.xml; path = "GoogleService-Info.plist"; sourceTree = "<group>"; };
/* End PBXFileReference section */

/* Begin PBXFrameworksBuildPhase section */
		B1E960702AD8BCEC0023F9A4 /* Frameworks */ = {
			isa = PBXFrameworksBuildPhase;
			buildActionMask = 2147483647;
			files = (
				B16261562B0020140091A587 /* FirebaseFirestoreCombine-Community in Frameworks */,
				B162615E2B0020140091A587 /* FirebaseInAppMessaging-Beta in Frameworks */,
				B1E960982AD8CA780023F9A4 /* FirebaseDatabase in Frameworks */,
				B1E960A62AD8CA780023F9A4 /* FirebaseFunctionsCombine-Community in Frameworks */,
				B1E9609E2AD8CA780023F9A4 /* FirebaseFirestore in Frameworks */,
				B1E9608A2AD8CA780023F9A4 /* FirebaseAnalyticsSwift in Frameworks */,
				B1E960862AD8CA780023F9A4 /* FirebaseAnalytics in Frameworks */,
				B1E960882AD8CA780023F9A4 /* FirebaseAnalyticsOnDeviceConversion in Frameworks */,
				B1E960AE2AD8CA780023F9A4 /* FirebaseMLModelDownloader in Frameworks */,
				B16261642B0020140091A587 /* FirebaseMLModelDownloader in Frameworks */,
				B1E960A22AD8CA780023F9A4 /* FirebaseFirestoreSwift in Frameworks */,
				B1E9608E2AD8CA780023F9A4 /* FirebaseAppCheck in Frameworks */,
				B1E9608C2AD8CA780023F9A4 /* FirebaseAnalyticsWithoutAdIdSupport in Frameworks */,
				B1E960922AD8CA780023F9A4 /* FirebaseAuth in Frameworks */,
				B1E960962AD8CA780023F9A4 /* FirebaseCrashlytics in Frameworks */,
				B1E960B62AD8CA780023F9A4 /* FirebaseRemoteConfigSwift in Frameworks */,
				B16261422B0020140091A587 /* FirebaseAnalyticsOnDeviceConversion in Frameworks */,
				B162616A2B0020140091A587 /* FirebaseRemoteConfig in Frameworks */,
				B16261582B0020140091A587 /* FirebaseFirestoreSwift in Frameworks */,
				B1E960A82AD8CA780023F9A4 /* FirebaseInAppMessaging-Beta in Frameworks */,
				B16261402B0020140091A587 /* FirebaseAnalytics in Frameworks */,
				B16261482B0020140091A587 /* FirebaseAppCheck in Frameworks */,
				B16261462B0020140091A587 /* FirebaseAnalyticsWithoutAdIdSupport in Frameworks */,
				B1E9609A2AD8CA780023F9A4 /* FirebaseDatabaseSwift in Frameworks */,
				B16261602B0020140091A587 /* FirebaseInAppMessagingSwift-Beta in Frameworks */,
				B16261662B0020140091A587 /* FirebaseMessaging in Frameworks */,
				B162614E2B0020140091A587 /* FirebaseAuthCombine-Community in Frameworks */,
				B162614C2B0020140091A587 /* FirebaseAuth in Frameworks */,
				B1E960A42AD8CA780023F9A4 /* FirebaseFunctions in Frameworks */,
				B162616E2B0020140091A587 /* FirebaseStorage in Frameworks */,
				B162614A2B0020140091A587 /* FirebaseAppDistribution-Beta in Frameworks */,
				B16261542B0020140091A587 /* FirebaseFirestore in Frameworks */,
				B1E960BA2AD8CA780023F9A4 /* FirebaseStorageCombine-Community in Frameworks */,
				B1E960B42AD8CA780023F9A4 /* FirebaseRemoteConfig in Frameworks */,
				B1E960902AD8CA780023F9A4 /* FirebaseAppDistribution-Beta in Frameworks */,
				B1E960942AD8CA780023F9A4 /* FirebaseAuthCombine-Community in Frameworks */,
				B1E960B22AD8CA780023F9A4 /* FirebasePerformance in Frameworks */,
				B1E960AA2AD8CA780023F9A4 /* FirebaseInAppMessagingSwift-Beta in Frameworks */,
				B162616C2B0020140091A587 /* FirebaseRemoteConfigSwift in Frameworks */,
				B16261522B0020140091A587 /* FirebaseDatabase in Frameworks */,
				B16261442B0020140091A587 /* FirebaseAnalyticsSwift in Frameworks */,
				B16261682B0020140091A587 /* FirebasePerformance in Frameworks */,
				B16261702B0020140091A587 /* FirebaseStorageCombine-Community in Frameworks */,
				B1E960B82AD8CA780023F9A4 /* FirebaseStorage in Frameworks */,
				B162615C2B0020140091A587 /* FirebaseFunctionsCombine-Community in Frameworks */,
				B1E9609C2AD8CA780023F9A4 /* FirebaseDynamicLinks in Frameworks */,
				B16261622B0020140091A587 /* FirebaseInstallations in Frameworks */,
				B1E960A02AD8CA780023F9A4 /* FirebaseFirestoreCombine-Community in Frameworks */,
				B162615A2B0020140091A587 /* FirebaseFunctions in Frameworks */,
				B16261502B0020140091A587 /* FirebaseCrashlytics in Frameworks */,
				B1E960B02AD8CA780023F9A4 /* FirebaseMessaging in Frameworks */,
				B1E960AC2AD8CA780023F9A4 /* FirebaseInstallations in Frameworks */,
			);
			runOnlyForDeploymentPostprocessing = 0;
		};
/* End PBXFrameworksBuildPhase section */

/* Begin PBXGroup section */
		B1E9606A2AD8BCEC0023F9A4 = {
			isa = PBXGroup;
			children = (
				B1E960752AD8BCEC0023F9A4 /* ChatApp */,
				B1E960742AD8BCEC0023F9A4 /* Products */,
			);
			sourceTree = "<group>";
		};
		B1E960742AD8BCEC0023F9A4 /* Products */ = {
			isa = PBXGroup;
			children = (
				B1E960732AD8BCEC0023F9A4 /* ChatApp.app */,
			);
			name = Products;
			sourceTree = "<group>";
		};
		B1E960752AD8BCEC0023F9A4 /* ChatApp */ = {
			isa = PBXGroup;
			children = (
				B1E960762AD8BCEC0023F9A4 /* ChatAppApp.swift */,
				B18CE9F22B016C5B00B66661 /* ChatView.swift */,
				B19C720F2B016549003CAA4B /* Message.swift */,
				B1E960782AD8BCEC0023F9A4 /* ContentView.swift */,
				B18D2A442AFD8CD8000C4B7B /* FirebaseManager.swift */,
				B1E960BB2AD8CD640023F9A4 /* GoogleService-Info.plist */,
				B1E9607A2AD8BCEF0023F9A4 /* Assets.xcassets */,
				B1E9607C2AD8BCEF0023F9A4 /* Preview Content */,
			);
			path = ChatApp;
			sourceTree = "<group>";
		};
		B1E9607C2AD8BCEF0023F9A4 /* Preview Content */ = {
			isa = PBXGroup;
			children = (
				B1E9607D2AD8BCEF0023F9A4 /* Preview Assets.xcassets */,
			);
			path = "Preview Content";
			sourceTree = "<group>";
		};
/* End PBXGroup section */

/* Begin PBXNativeTarget section */
		B1E960722AD8BCEC0023F9A4 /* ChatApp */ = {
			isa = PBXNativeTarget;
			buildConfigurationList = B1E960812AD8BCEF0023F9A4 /* Build configuration list for PBXNativeTarget "ChatApp" */;
			buildPhases = (
				B1E9606F2AD8BCEC0023F9A4 /* Sources */,
				B1E960702AD8BCEC0023F9A4 /* Frameworks */,
				B1E960712AD8BCEC0023F9A4 /* Resources */,
			);
			buildRules = (
			);
			dependencies = (
			);
			name = ChatApp;
			packageProductDependencies = (
				B1E960852AD8CA780023F9A4 /* FirebaseAnalytics */,
				B1E960872AD8CA780023F9A4 /* FirebaseAnalyticsOnDeviceConversion */,
				B1E960892AD8CA780023F9A4 /* FirebaseAnalyticsSwift */,
				B1E9608B2AD8CA780023F9A4 /* FirebaseAnalyticsWithoutAdIdSupport */,
				B1E9608D2AD8CA780023F9A4 /* FirebaseAppCheck */,
				B1E9608F2AD8CA780023F9A4 /* FirebaseAppDistribution-Beta */,
				B1E960912AD8CA780023F9A4 /* FirebaseAuth */,
				B1E960932AD8CA780023F9A4 /* FirebaseAuthCombine-Community */,
				B1E960952AD8CA780023F9A4 /* FirebaseCrashlytics */,
				B1E960972AD8CA780023F9A4 /* FirebaseDatabase */,
				B1E960992AD8CA780023F9A4 /* FirebaseDatabaseSwift */,
				B1E9609B2AD8CA780023F9A4 /* FirebaseDynamicLinks */,
				B1E9609D2AD8CA780023F9A4 /* FirebaseFirestore */,
				B1E9609F2AD8CA780023F9A4 /* FirebaseFirestoreCombine-Community */,
				B1E960A12AD8CA780023F9A4 /* FirebaseFirestoreSwift */,
				B1E960A32AD8CA780023F9A4 /* FirebaseFunctions */,
				B1E960A52AD8CA780023F9A4 /* FirebaseFunctionsCombine-Community */,
				B1E960A72AD8CA780023F9A4 /* FirebaseInAppMessaging-Beta */,
				B1E960A92AD8CA780023F9A4 /* FirebaseInAppMessagingSwift-Beta */,
				B1E960AB2AD8CA780023F9A4 /* FirebaseInstallations */,
				B1E960AD2AD8CA780023F9A4 /* FirebaseMLModelDownloader */,
				B1E960AF2AD8CA780023F9A4 /* FirebaseMessaging */,
				B1E960B12AD8CA780023F9A4 /* FirebasePerformance */,
				B1E960B32AD8CA780023F9A4 /* FirebaseRemoteConfig */,
				B1E960B52AD8CA780023F9A4 /* FirebaseRemoteConfigSwift */,
				B1E960B72AD8CA780023F9A4 /* FirebaseStorage */,
				B1E960B92AD8CA780023F9A4 /* FirebaseStorageCombine-Community */,
				B162613F2B0020140091A587 /* FirebaseAnalytics */,
				B16261412B0020140091A587 /* FirebaseAnalyticsOnDeviceConversion */,
				B16261432B0020140091A587 /* FirebaseAnalyticsSwift */,
				B16261452B0020140091A587 /* FirebaseAnalyticsWithoutAdIdSupport */,
				B16261472B0020140091A587 /* FirebaseAppCheck */,
				B16261492B0020140091A587 /* FirebaseAppDistribution-Beta */,
				B162614B2B0020140091A587 /* FirebaseAuth */,
				B162614D2B0020140091A587 /* FirebaseAuthCombine-Community */,
				B162614F2B0020140091A587 /* FirebaseCrashlytics */,
				B16261512B0020140091A587 /* FirebaseDatabase */,
				B16261532B0020140091A587 /* FirebaseFirestore */,
				B16261552B0020140091A587 /* FirebaseFirestoreCombine-Community */,
				B16261572B0020140091A587 /* FirebaseFirestoreSwift */,
				B16261592B0020140091A587 /* FirebaseFunctions */,
				B162615B2B0020140091A587 /* FirebaseFunctionsCombine-Community */,
				B162615D2B0020140091A587 /* FirebaseInAppMessaging-Beta */,
				B162615F2B0020140091A587 /* FirebaseInAppMessagingSwift-Beta */,
				B16261612B0020140091A587 /* FirebaseInstallations */,
				B16261632B0020140091A587 /* FirebaseMLModelDownloader */,
				B16261652B0020140091A587 /* FirebaseMessaging */,
				B16261672B0020140091A587 /* FirebasePerformance */,
				B16261692B0020140091A587 /* FirebaseRemoteConfig */,
				B162616B2B0020140091A587 /* FirebaseRemoteConfigSwift */,
				B162616D2B0020140091A587 /* FirebaseStorage */,
				B162616F2B0020140091A587 /* FirebaseStorageCombine-Community */,
			);
			productName = ChatApp;
			productReference = B1E960732AD8BCEC0023F9A4 /* ChatApp.app */;
			productType = "com.apple.product-type.application";
		};
/* End PBXNativeTarget section */

/* Begin PBXProject section */
		B1E9606B2AD8BCEC0023F9A4 /* Project object */ = {
			isa = PBXProject;
			attributes = {
				BuildIndependentTargetsInParallel = 1;
				LastSwiftUpdateCheck = 1500;
				LastUpgradeCheck = 1500;
				TargetAttributes = {
					B1E960722AD8BCEC0023F9A4 = {
						CreatedOnToolsVersion = 15.0;
					};
				};
			};
			buildConfigurationList = B1E9606E2AD8BCEC0023F9A4 /* Build configuration list for PBXProject "ChatApp" */;
			compatibilityVersion = "Xcode 14.0";
			developmentRegion = en;
			hasScannedForEncodings = 0;
			knownRegions = (
				en,
				Base,
			);
			mainGroup = B1E9606A2AD8BCEC0023F9A4;
			packageReferences = (
				B1E960842AD8CA780023F9A4 /* XCRemoteSwiftPackageReference "firebase-ios-sdk" */,
			);
			productRefGroup = B1E960742AD8BCEC0023F9A4 /* Products */;
			projectDirPath = "";
			projectRoot = "";
			targets = (
				B1E960722AD8BCEC0023F9A4 /* ChatApp */,
			);
		};
/* End PBXProject section */

/* Begin PBXResourcesBuildPhase section */
		B1E960712AD8BCEC0023F9A4 /* Resources */ = {
			isa = PBXResourcesBuildPhase;
			buildActionMask = 2147483647;
			files = (
				B1E9607E2AD8BCEF0023F9A4 /* Preview Assets.xcassets in Resources */,
				B1E960BC2AD8CD650023F9A4 /* GoogleService-Info.plist in Resources */,
				B1E9607B2AD8BCEF0023F9A4 /* Assets.xcassets in Resources */,
			);
			runOnlyForDeploymentPostprocessing = 0;
		};
/* End PBXResourcesBuildPhase section */

/* Begin PBXSourcesBuildPhase section */
		B1E9606F2AD8BCEC0023F9A4 /* Sources */ = {
			isa = PBXSourcesBuildPhase;
			buildActionMask = 2147483647;
			files = (
				B18D2A452AFD8CD8000C4B7B /* FirebaseManager.swift in Sources */,
				B19C72102B016549003CAA4B /* Message.swift in Sources */,
				B18CE9F32B016C5B00B66661 /* ChatView.swift in Sources */,
				B1E960792AD8BCEC0023F9A4 /* ContentView.swift in Sources */,
				B1E960772AD8BCEC0023F9A4 /* ChatAppApp.swift in Sources */,
			);
			runOnlyForDeploymentPostprocessing = 0;
		};
/* End PBXSourcesBuildPhase section */

/* Begin XCBuildConfiguration section */
		B1E9607F2AD8BCEF0023F9A4 /* Debug */ = {
			isa = XCBuildConfiguration;
			buildSettings = {
				ALWAYS_SEARCH_USER_PATHS = NO;
				ASSETCATALOG_COMPILER_GENERATE_SWIFT_ASSET_SYMBOL_EXTENSIONS = YES;
				CLANG_ANALYZER_NONNULL = YES;
				CLANG_ANALYZER_NUMBER_OBJECT_CONVERSION = YES_AGGRESSIVE;
				CLANG_CXX_LANGUAGE_STANDARD = "gnu++20";
				CLANG_ENABLE_MODULES = YES;
				CLANG_ENABLE_OBJC_ARC = YES;
				CLANG_ENABLE_OBJC_WEAK = YES;
				CLANG_WARN_BLOCK_CAPTURE_AUTORELEASING = YES;
				CLANG_WARN_BOOL_CONVERSION = YES;
				CLANG_WARN_COMMA = YES;
				CLANG_WARN_CONSTANT_CONVERSION = YES;
				CLANG_WARN_DEPRECATED_OBJC_IMPLEMENTATIONS = YES;
				CLANG_WARN_DIRECT_OBJC_ISA_USAGE = YES_ERROR;
				CLANG_WARN_DOCUMENTATION_COMMENTS = YES;
				CLANG_WARN_EMPTY_BODY = YES;
				CLANG_WARN_ENUM_CONVERSION = YES;
				CLANG_WARN_INFINITE_RECURSION = YES;
				CLANG_WARN_INT_CONVERSION = YES;
				CLANG_WARN_NON_LITERAL_NULL_CONVERSION = YES;
				CLANG_WARN_OBJC_IMPLICIT_RETAIN_SELF = YES;
				CLANG_WARN_OBJC_LITERAL_CONVERSION = YES;
				CLANG_WARN_OBJC_ROOT_CLASS = YES_ERROR;
				CLANG_WARN_QUOTED_INCLUDE_IN_FRAMEWORK_HEADER = YES;
				CLANG_WARN_RANGE_LOOP_ANALYSIS = YES;
				CLANG_WARN_STRICT_PROTOTYPES = YES;
				CLANG_WARN_SUSPICIOUS_MOVE = YES;
				CLANG_WARN_UNGUARDED_AVAILABILITY = YES_AGGRESSIVE;
				CLANG_WARN_UNREACHABLE_CODE = YES;
				CLANG_WARN__DUPLICATE_METHOD_MATCH = YES;
				COPY_PHASE_STRIP = NO;
				DEBUG_INFORMATION_FORMAT = dwarf;
				ENABLE_STRICT_OBJC_MSGSEND = YES;
				ENABLE_TESTABILITY = YES;
				ENABLE_USER_SCRIPT_SANDBOXING = YES;
				GCC_C_LANGUAGE_STANDARD = gnu17;
				GCC_DYNAMIC_NO_PIC = NO;
				GCC_NO_COMMON_BLOCKS = YES;
				GCC_OPTIMIZATION_LEVEL = 0;
				GCC_PREPROCESSOR_DEFINITIONS = (
					"DEBUG=1",
					"$(inherited)",
				);
				GCC_WARN_64_TO_32_BIT_CONVERSION = YES;
				GCC_WARN_ABOUT_RETURN_TYPE = YES_ERROR;
				GCC_WARN_UNDECLARED_SELECTOR = YES;
				GCC_WARN_UNINITIALIZED_AUTOS = YES_AGGRESSIVE;
				GCC_WARN_UNUSED_FUNCTION = YES;
				GCC_WARN_UNUSED_VARIABLE = YES;
				IPHONEOS_DEPLOYMENT_TARGET = 17.0;
				LOCALIZATION_PREFERS_STRING_CATALOGS = YES;
				MTL_ENABLE_DEBUG_INFO = INCLUDE_SOURCE;
				MTL_FAST_MATH = YES;
				ONLY_ACTIVE_ARCH = YES;
				SDKROOT = iphoneos;
				SWIFT_ACTIVE_COMPILATION_CONDITIONS = "DEBUG $(inherited)";
				SWIFT_OPTIMIZATION_LEVEL = "-Onone";
			};
			name = Debug;
		};
		B1E960802AD8BCEF0023F9A4 /* Release */ = {
			isa = XCBuildConfiguration;
			buildSettings = {
				ALWAYS_SEARCH_USER_PATHS = NO;
				ASSETCATALOG_COMPILER_GENERATE_SWIFT_ASSET_SYMBOL_EXTENSIONS = YES;
				CLANG_ANALYZER_NONNULL = YES;
				CLANG_ANALYZER_NUMBER_OBJECT_CONVERSION = YES_AGGRESSIVE;
				CLANG_CXX_LANGUAGE_STANDARD = "gnu++20";
				CLANG_ENABLE_MODULES = YES;
				CLANG_ENABLE_OBJC_ARC = YES;
				CLANG_ENABLE_OBJC_WEAK = YES;
				CLANG_WARN_BLOCK_CAPTURE_AUTORELEASING = YES;
				CLANG_WARN_BOOL_CONVERSION = YES;
				CLANG_WARN_COMMA = YES;
				CLANG_WARN_CONSTANT_CONVERSION = YES;
				CLANG_WARN_DEPRECATED_OBJC_IMPLEMENTATIONS = YES;
				CLANG_WARN_DIRECT_OBJC_ISA_USAGE = YES_ERROR;
				CLANG_WARN_DOCUMENTATION_COMMENTS = YES;
				CLANG_WARN_EMPTY_BODY = YES;
				CLANG_WARN_ENUM_CONVERSION = YES;
				CLANG_WARN_INFINITE_RECURSION = YES;
				CLANG_WARN_INT_CONVERSION = YES;
				CLANG_WARN_NON_LITERAL_NULL_CONVERSION = YES;
				CLANG_WARN_OBJC_IMPLICIT_RETAIN_SELF = YES;
				CLANG_WARN_OBJC_LITERAL_CONVERSION = YES;
				CLANG_WARN_OBJC_ROOT_CLASS = YES_ERROR;
				CLANG_WARN_QUOTED_INCLUDE_IN_FRAMEWORK_HEADER = YES;
				CLANG_WARN_RANGE_LOOP_ANALYSIS = YES;
				CLANG_WARN_STRICT_PROTOTYPES = YES;
				CLANG_WARN_SUSPICIOUS_MOVE = YES;
				CLANG_WARN_UNGUARDED_AVAILABILITY = YES_AGGRESSIVE;
				CLANG_WARN_UNREACHABLE_CODE = YES;
				CLANG_WARN__DUPLICATE_METHOD_MATCH = YES;
				COPY_PHASE_STRIP = NO;
				DEBUG_INFORMATION_FORMAT = "dwarf-with-dsym";
				ENABLE_NS_ASSERTIONS = NO;
				ENABLE_STRICT_OBJC_MSGSEND = YES;
				ENABLE_USER_SCRIPT_SANDBOXING = YES;
				GCC_C_LANGUAGE_STANDARD = gnu17;
				GCC_NO_COMMON_BLOCKS = YES;
				GCC_WARN_64_TO_32_BIT_CONVERSION = YES;
				GCC_WARN_ABOUT_RETURN_TYPE = YES_ERROR;
				GCC_WARN_UNDECLARED_SELECTOR = YES;
				GCC_WARN_UNINITIALIZED_AUTOS = YES_AGGRESSIVE;
				GCC_WARN_UNUSED_FUNCTION = YES;
				GCC_WARN_UNUSED_VARIABLE = YES;
				IPHONEOS_DEPLOYMENT_TARGET = 17.0;
				LOCALIZATION_PREFERS_STRING_CATALOGS = YES;
				MTL_ENABLE_DEBUG_INFO = NO;
				MTL_FAST_MATH = YES;
				SDKROOT = iphoneos;
				SWIFT_COMPILATION_MODE = wholemodule;
				VALIDATE_PRODUCT = YES;
			};
			name = Release;
		};
		B1E960822AD8BCEF0023F9A4 /* Debug */ = {
			isa = XCBuildConfiguration;
			buildSettings = {
				ASSETCATALOG_COMPILER_APPICON_NAME = AppIcon;
				ASSETCATALOG_COMPILER_GLOBAL_ACCENT_COLOR_NAME = AccentColor;
				CODE_SIGN_STYLE = Automatic;
				CURRENT_PROJECT_VERSION = 1;
				DEVELOPMENT_ASSET_PATHS = "\"ChatApp/Preview Content\"";
				DEVELOPMENT_TEAM = PK8G5J5NY9;
				ENABLE_PREVIEWS = YES;
				GENERATE_INFOPLIST_FILE = YES;
				INFOPLIST_KEY_UIApplicationSceneManifest_Generation = YES;
				INFOPLIST_KEY_UIApplicationSupportsIndirectInputEvents = YES;
				INFOPLIST_KEY_UILaunchScreen_Generation = YES;
				INFOPLIST_KEY_UISupportedInterfaceOrientations_iPad = "UIInterfaceOrientationPortrait UIInterfaceOrientationPortraitUpsideDown UIInterfaceOrientationLandscapeLeft UIInterfaceOrientationLandscapeRight";
				INFOPLIST_KEY_UISupportedInterfaceOrientations_iPhone = "UIInterfaceOrientationPortrait UIInterfaceOrientationLandscapeLeft UIInterfaceOrientationLandscapeRight";
				LD_RUNPATH_SEARCH_PATHS = (
					"$(inherited)",
					"@executable_path/Frameworks",
				);
				MARKETING_VERSION = 1.0;
				PRODUCT_BUNDLE_IDENTIFIER = com.turguterenaksu.ChatApp;
				PRODUCT_NAME = "$(TARGET_NAME)";
				SWIFT_EMIT_LOC_STRINGS = YES;
				SWIFT_VERSION = 5.0;
				TARGETED_DEVICE_FAMILY = "1,2";
			};
			name = Debug;
		};
		B1E960832AD8BCEF0023F9A4 /* Release */ = {
			isa = XCBuildConfiguration;
			buildSettings = {
				ASSETCATALOG_COMPILER_APPICON_NAME = AppIcon;
				ASSETCATALOG_COMPILER_GLOBAL_ACCENT_COLOR_NAME = AccentColor;
				CODE_SIGN_STYLE = Automatic;
				CURRENT_PROJECT_VERSION = 1;
				DEVELOPMENT_ASSET_PATHS = "\"ChatApp/Preview Content\"";
				DEVELOPMENT_TEAM = PK8G5J5NY9;
				ENABLE_PREVIEWS = YES;
				GENERATE_INFOPLIST_FILE = YES;
				INFOPLIST_KEY_UIApplicationSceneManifest_Generation = YES;
				INFOPLIST_KEY_UIApplicationSupportsIndirectInputEvents = YES;
				INFOPLIST_KEY_UILaunchScreen_Generation = YES;
				INFOPLIST_KEY_UISupportedInterfaceOrientations_iPad = "UIInterfaceOrientationPortrait UIInterfaceOrientationPortraitUpsideDown UIInterfaceOrientationLandscapeLeft UIInterfaceOrientationLandscapeRight";
				INFOPLIST_KEY_UISupportedInterfaceOrientations_iPhone = "UIInterfaceOrientationPortrait UIInterfaceOrientationLandscapeLeft UIInterfaceOrientationLandscapeRight";
				LD_RUNPATH_SEARCH_PATHS = (
					"$(inherited)",
					"@executable_path/Frameworks",
				);
				MARKETING_VERSION = 1.0;
				PRODUCT_BUNDLE_IDENTIFIER = com.turguterenaksu.ChatApp;
				PRODUCT_NAME = "$(TARGET_NAME)";
				SWIFT_EMIT_LOC_STRINGS = YES;
				SWIFT_VERSION = 5.0;
				TARGETED_DEVICE_FAMILY = "1,2";
			};
			name = Release;
		};
/* End XCBuildConfiguration section */

/* Begin XCConfigurationList section */
		B1E9606E2AD8BCEC0023F9A4 /* Build configuration list for PBXProject "ChatApp" */ = {
			isa = XCConfigurationList;
			buildConfigurations = (
				B1E9607F2AD8BCEF0023F9A4 /* Debug */,
				B1E960802AD8BCEF0023F9A4 /* Release */,
			);
			defaultConfigurationIsVisible = 0;
			defaultConfigurationName = Release;
		};
		B1E960812AD8BCEF0023F9A4 /* Build configuration list for PBXNativeTarget "ChatApp" */ = {
			isa = XCConfigurationList;
			buildConfigurations = (
				B1E960822AD8BCEF0023F9A4 /* Debug */,
				B1E960832AD8BCEF0023F9A4 /* Release */,
			);
			defaultConfigurationIsVisible = 0;
			defaultConfigurationName = Release;
		};
/* End XCConfigurationList section */

/* Begin XCRemoteSwiftPackageReference section */
		B1E960842AD8CA780023F9A4 /* XCRemoteSwiftPackageReference "firebase-ios-sdk" */ = {
			isa = XCRemoteSwiftPackageReference;
			repositoryURL = "https://github.com/firebase/firebase-ios-sdk.git";
			requirement = {
				kind = upToNextMajorVersion;
				minimumVersion = 10.16.0;
			};
		};
/* End XCRemoteSwiftPackageReference section */

/* Begin XCSwiftPackageProductDependency section */
		B162613F2B0020140091A587 /* FirebaseAnalytics */ = {
			isa = XCSwiftPackageProductDependency;
			package = B1E960842AD8CA780023F9A4 /* XCRemoteSwiftPackageReference "firebase-ios-sdk" */;
			productName = FirebaseAnalytics;
		};
		B16261412B0020140091A587 /* FirebaseAnalyticsOnDeviceConversion */ = {
			isa = XCSwiftPackageProductDependency;
			package = B1E960842AD8CA780023F9A4 /* XCRemoteSwiftPackageReference "firebase-ios-sdk" */;
			productName = FirebaseAnalyticsOnDeviceConversion;
		};
		B16261432B0020140091A587 /* FirebaseAnalyticsSwift */ = {
			isa = XCSwiftPackageProductDependency;
			package = B1E960842AD8CA780023F9A4 /* XCRemoteSwiftPackageReference "firebase-ios-sdk" */;
			productName = FirebaseAnalyticsSwift;
		};
		B16261452B0020140091A587 /* FirebaseAnalyticsWithoutAdIdSupport */ = {
			isa = XCSwiftPackageProductDependency;
			package = B1E960842AD8CA780023F9A4 /* XCRemoteSwiftPackageReference "firebase-ios-sdk" */;
			productName = FirebaseAnalyticsWithoutAdIdSupport;
		};
		B16261472B0020140091A587 /* FirebaseAppCheck */ = {
			isa = XCSwiftPackageProductDependency;
			package = B1E960842AD8CA780023F9A4 /* XCRemoteSwiftPackageReference "firebase-ios-sdk" */;
			productName = FirebaseAppCheck;
		};
		B16261492B0020140091A587 /* FirebaseAppDistribution-Beta */ = {
			isa = XCSwiftPackageProductDependency;
			package = B1E960842AD8CA780023F9A4 /* XCRemoteSwiftPackageReference "firebase-ios-sdk" */;
			productName = "FirebaseAppDistribution-Beta";
		};
		B162614B2B0020140091A587 /* FirebaseAuth */ = {
			isa = XCSwiftPackageProductDependency;
			package = B1E960842AD8CA780023F9A4 /* XCRemoteSwiftPackageReference "firebase-ios-sdk" */;
			productName = FirebaseAuth;
		};
		B162614D2B0020140091A587 /* FirebaseAuthCombine-Community */ = {
			isa = XCSwiftPackageProductDependency;
			package = B1E960842AD8CA780023F9A4 /* XCRemoteSwiftPackageReference "firebase-ios-sdk" */;
			productName = "FirebaseAuthCombine-Community";
		};
		B162614F2B0020140091A587 /* FirebaseCrashlytics */ = {
			isa = XCSwiftPackageProductDependency;
			package = B1E960842AD8CA780023F9A4 /* XCRemoteSwiftPackageReference "firebase-ios-sdk" */;
			productName = FirebaseCrashlytics;
		};
		B16261512B0020140091A587 /* FirebaseDatabase */ = {
			isa = XCSwiftPackageProductDependency;
			package = B1E960842AD8CA780023F9A4 /* XCRemoteSwiftPackageReference "firebase-ios-sdk" */;
			productName = FirebaseDatabase;
		};
		B16261532B0020140091A587 /* FirebaseFirestore */ = {
			isa = XCSwiftPackageProductDependency;
			package = B1E960842AD8CA780023F9A4 /* XCRemoteSwiftPackageReference "firebase-ios-sdk" */;
			productName = FirebaseFirestore;
		};
		B16261552B0020140091A587 /* FirebaseFirestoreCombine-Community */ = {
			isa = XCSwiftPackageProductDependency;
			package = B1E960842AD8CA780023F9A4 /* XCRemoteSwiftPackageReference "firebase-ios-sdk" */;
			productName = "FirebaseFirestoreCombine-Community";
		};
		B16261572B0020140091A587 /* FirebaseFirestoreSwift */ = {
			isa = XCSwiftPackageProductDependency;
			package = B1E960842AD8CA780023F9A4 /* XCRemoteSwiftPackageReference "firebase-ios-sdk" */;
			productName = FirebaseFirestoreSwift;
		};
		B16261592B0020140091A587 /* FirebaseFunctions */ = {
			isa = XCSwiftPackageProductDependency;
			package = B1E960842AD8CA780023F9A4 /* XCRemoteSwiftPackageReference "firebase-ios-sdk" */;
			productName = FirebaseFunctions;
		};
		B162615B2B0020140091A587 /* FirebaseFunctionsCombine-Community */ = {
			isa = XCSwiftPackageProductDependency;
			package = B1E960842AD8CA780023F9A4 /* XCRemoteSwiftPackageReference "firebase-ios-sdk" */;
			productName = "FirebaseFunctionsCombine-Community";
		};
		B162615D2B0020140091A587 /* FirebaseInAppMessaging-Beta */ = {
			isa = XCSwiftPackageProductDependency;
			package = B1E960842AD8CA780023F9A4 /* XCRemoteSwiftPackageReference "firebase-ios-sdk" */;
			productName = "FirebaseInAppMessaging-Beta";
		};
		B162615F2B0020140091A587 /* FirebaseInAppMessagingSwift-Beta */ = {
			isa = XCSwiftPackageProductDependency;
			package = B1E960842AD8CA780023F9A4 /* XCRemoteSwiftPackageReference "firebase-ios-sdk" */;
			productName = "FirebaseInAppMessagingSwift-Beta";
		};
		B16261612B0020140091A587 /* FirebaseInstallations */ = {
			isa = XCSwiftPackageProductDependency;
			package = B1E960842AD8CA780023F9A4 /* XCRemoteSwiftPackageReference "firebase-ios-sdk" */;
			productName = FirebaseInstallations;
		};
		B16261632B0020140091A587 /* FirebaseMLModelDownloader */ = {
			isa = XCSwiftPackageProductDependency;
			package = B1E960842AD8CA780023F9A4 /* XCRemoteSwiftPackageReference "firebase-ios-sdk" */;
			productName = FirebaseMLModelDownloader;
		};
		B16261652B0020140091A587 /* FirebaseMessaging */ = {
			isa = XCSwiftPackageProductDependency;
			package = B1E960842AD8CA780023F9A4 /* XCRemoteSwiftPackageReference "firebase-ios-sdk" */;
			productName = FirebaseMessaging;
		};
		B16261672B0020140091A587 /* FirebasePerformance */ = {
			isa = XCSwiftPackageProductDependency;
			package = B1E960842AD8CA780023F9A4 /* XCRemoteSwiftPackageReference "firebase-ios-sdk" */;
			productName = FirebasePerformance;
		};
		B16261692B0020140091A587 /* FirebaseRemoteConfig */ = {
			isa = XCSwiftPackageProductDependency;
			package = B1E960842AD8CA780023F9A4 /* XCRemoteSwiftPackageReference "firebase-ios-sdk" */;
			productName = FirebaseRemoteConfig;
		};
		B162616B2B0020140091A587 /* FirebaseRemoteConfigSwift */ = {
			isa = XCSwiftPackageProductDependency;
			package = B1E960842AD8CA780023F9A4 /* XCRemoteSwiftPackageReference "firebase-ios-sdk" */;
			productName = FirebaseRemoteConfigSwift;
		};
		B162616D2B0020140091A587 /* FirebaseStorage */ = {
			isa = XCSwiftPackageProductDependency;
			package = B1E960842AD8CA780023F9A4 /* XCRemoteSwiftPackageReference "firebase-ios-sdk" */;
			productName = FirebaseStorage;
		};
		B162616F2B0020140091A587 /* FirebaseStorageCombine-Community */ = {
			isa = XCSwiftPackageProductDependency;
			package = B1E960842AD8CA780023F9A4 /* XCRemoteSwiftPackageReference "firebase-ios-sdk" */;
			productName = "FirebaseStorageCombine-Community";
		};
		B1E960852AD8CA780023F9A4 /* FirebaseAnalytics */ = {
			isa = XCSwiftPackageProductDependency;
			package = B1E960842AD8CA780023F9A4 /* XCRemoteSwiftPackageReference "firebase-ios-sdk" */;
			productName = FirebaseAnalytics;
		};
		B1E960872AD8CA780023F9A4 /* FirebaseAnalyticsOnDeviceConversion */ = {
			isa = XCSwiftPackageProductDependency;
			package = B1E960842AD8CA780023F9A4 /* XCRemoteSwiftPackageReference "firebase-ios-sdk" */;
			productName = FirebaseAnalyticsOnDeviceConversion;
		};
		B1E960892AD8CA780023F9A4 /* FirebaseAnalyticsSwift */ = {
			isa = XCSwiftPackageProductDependency;
			package = B1E960842AD8CA780023F9A4 /* XCRemoteSwiftPackageReference "firebase-ios-sdk" */;
			productName = FirebaseAnalyticsSwift;
		};
		B1E9608B2AD8CA780023F9A4 /* FirebaseAnalyticsWithoutAdIdSupport */ = {
			isa = XCSwiftPackageProductDependency;
			package = B1E960842AD8CA780023F9A4 /* XCRemoteSwiftPackageReference "firebase-ios-sdk" */;
			productName = FirebaseAnalyticsWithoutAdIdSupport;
		};
		B1E9608D2AD8CA780023F9A4 /* FirebaseAppCheck */ = {
			isa = XCSwiftPackageProductDependency;
			package = B1E960842AD8CA780023F9A4 /* XCRemoteSwiftPackageReference "firebase-ios-sdk" */;
			productName = FirebaseAppCheck;
		};
		B1E9608F2AD8CA780023F9A4 /* FirebaseAppDistribution-Beta */ = {
			isa = XCSwiftPackageProductDependency;
			package = B1E960842AD8CA780023F9A4 /* XCRemoteSwiftPackageReference "firebase-ios-sdk" */;
			productName = "FirebaseAppDistribution-Beta";
		};
		B1E960912AD8CA780023F9A4 /* FirebaseAuth */ = {
			isa = XCSwiftPackageProductDependency;
			package = B1E960842AD8CA780023F9A4 /* XCRemoteSwiftPackageReference "firebase-ios-sdk" */;
			productName = FirebaseAuth;
		};
		B1E960932AD8CA780023F9A4 /* FirebaseAuthCombine-Community */ = {
			isa = XCSwiftPackageProductDependency;
			package = B1E960842AD8CA780023F9A4 /* XCRemoteSwiftPackageReference "firebase-ios-sdk" */;
			productName = "FirebaseAuthCombine-Community";
		};
		B1E960952AD8CA780023F9A4 /* FirebaseCrashlytics */ = {
			isa = XCSwiftPackageProductDependency;
			package = B1E960842AD8CA780023F9A4 /* XCRemoteSwiftPackageReference "firebase-ios-sdk" */;
			productName = FirebaseCrashlytics;
		};
		B1E960972AD8CA780023F9A4 /* FirebaseDatabase */ = {
			isa = XCSwiftPackageProductDependency;
			package = B1E960842AD8CA780023F9A4 /* XCRemoteSwiftPackageReference "firebase-ios-sdk" */;
			productName = FirebaseDatabase;
		};
		B1E960992AD8CA780023F9A4 /* FirebaseDatabaseSwift */ = {
			isa = XCSwiftPackageProductDependency;
			package = B1E960842AD8CA780023F9A4 /* XCRemoteSwiftPackageReference "firebase-ios-sdk" */;
			productName = FirebaseDatabaseSwift;
		};
		B1E9609B2AD8CA780023F9A4 /* FirebaseDynamicLinks */ = {
			isa = XCSwiftPackageProductDependency;
			package = B1E960842AD8CA780023F9A4 /* XCRemoteSwiftPackageReference "firebase-ios-sdk" */;
			productName = FirebaseDynamicLinks;
		};
		B1E9609D2AD8CA780023F9A4 /* FirebaseFirestore */ = {
			isa = XCSwiftPackageProductDependency;
			package = B1E960842AD8CA780023F9A4 /* XCRemoteSwiftPackageReference "firebase-ios-sdk" */;
			productName = FirebaseFirestore;
		};
		B1E9609F2AD8CA780023F9A4 /* FirebaseFirestoreCombine-Community */ = {
			isa = XCSwiftPackageProductDependency;
			package = B1E960842AD8CA780023F9A4 /* XCRemoteSwiftPackageReference "firebase-ios-sdk" */;
			productName = "FirebaseFirestoreCombine-Community";
		};
		B1E960A12AD8CA780023F9A4 /* FirebaseFirestoreSwift */ = {
			isa = XCSwiftPackageProductDependency;
			package = B1E960842AD8CA780023F9A4 /* XCRemoteSwiftPackageReference "firebase-ios-sdk" */;
			productName = FirebaseFirestoreSwift;
		};
		B1E960A32AD8CA780023F9A4 /* FirebaseFunctions */ = {
			isa = XCSwiftPackageProductDependency;
			package = B1E960842AD8CA780023F9A4 /* XCRemoteSwiftPackageReference "firebase-ios-sdk" */;
			productName = FirebaseFunctions;
		};
		B1E960A52AD8CA780023F9A4 /* FirebaseFunctionsCombine-Community */ = {
			isa = XCSwiftPackageProductDependency;
			package = B1E960842AD8CA780023F9A4 /* XCRemoteSwiftPackageReference "firebase-ios-sdk" */;
			productName = "FirebaseFunctionsCombine-Community";
		};
		B1E960A72AD8CA780023F9A4 /* FirebaseInAppMessaging-Beta */ = {
			isa = XCSwiftPackageProductDependency;
			package = B1E960842AD8CA780023F9A4 /* XCRemoteSwiftPackageReference "firebase-ios-sdk" */;
			productName = "FirebaseInAppMessaging-Beta";
		};
		B1E960A92AD8CA780023F9A4 /* FirebaseInAppMessagingSwift-Beta */ = {
			isa = XCSwiftPackageProductDependency;
			package = B1E960842AD8CA780023F9A4 /* XCRemoteSwiftPackageReference "firebase-ios-sdk" */;
			productName = "FirebaseInAppMessagingSwift-Beta";
		};
		B1E960AB2AD8CA780023F9A4 /* FirebaseInstallations */ = {
			isa = XCSwiftPackageProductDependency;
			package = B1E960842AD8CA780023F9A4 /* XCRemoteSwiftPackageReference "firebase-ios-sdk" */;
			productName = FirebaseInstallations;
		};
		B1E960AD2AD8CA780023F9A4 /* FirebaseMLModelDownloader */ = {
			isa = XCSwiftPackageProductDependency;
			package = B1E960842AD8CA780023F9A4 /* XCRemoteSwiftPackageReference "firebase-ios-sdk" */;
			productName = FirebaseMLModelDownloader;
		};
		B1E960AF2AD8CA780023F9A4 /* FirebaseMessaging */ = {
			isa = XCSwiftPackageProductDependency;
			package = B1E960842AD8CA780023F9A4 /* XCRemoteSwiftPackageReference "firebase-ios-sdk" */;
			productName = FirebaseMessaging;
		};
		B1E960B12AD8CA780023F9A4 /* FirebasePerformance */ = {
			isa = XCSwiftPackageProductDependency;
			package = B1E960842AD8CA780023F9A4 /* XCRemoteSwiftPackageReference "firebase-ios-sdk" */;
			productName = FirebasePerformance;
		};
		B1E960B32AD8CA780023F9A4 /* FirebaseRemoteConfig */ = {
			isa = XCSwiftPackageProductDependency;
			package = B1E960842AD8CA780023F9A4 /* XCRemoteSwiftPackageReference "firebase-ios-sdk" */;
			productName = FirebaseRemoteConfig;
		};
		B1E960B52AD8CA780023F9A4 /* FirebaseRemoteConfigSwift */ = {
			isa = XCSwiftPackageProductDependency;
			package = B1E960842AD8CA780023F9A4 /* XCRemoteSwiftPackageReference "firebase-ios-sdk" */;
			productName = FirebaseRemoteConfigSwift;
		};
		B1E960B72AD8CA780023F9A4 /* FirebaseStorage */ = {
			isa = XCSwiftPackageProductDependency;
			package = B1E960842AD8CA780023F9A4 /* XCRemoteSwiftPackageReference "firebase-ios-sdk" */;
			productName = FirebaseStorage;
		};
		B1E960B92AD8CA780023F9A4 /* FirebaseStorageCombine-Community */ = {
			isa = XCSwiftPackageProductDependency;
			package = B1E960842AD8CA780023F9A4 /* XCRemoteSwiftPackageReference "firebase-ios-sdk" */;
			productName = "FirebaseStorageCombine-Community";
		};
/* End XCSwiftPackageProductDependency section */
	};
	rootObject = B1E9606B2AD8BCEC0023F9A4 /* Project object */;
}
